// !$*UTF8*$!
{
	archiveVersion = 1;
	classes = {
	};
	objectVersion = 48;
	objects = {

/* Begin PBXBuildFile section */
		2B0B63D41FAFD1AF002C0322 /* AppDelegate.swift in Sources */ = {isa = PBXBuildFile; fileRef = 2B0B63D31FAFD1AF002C0322 /* AppDelegate.swift */; };
		2B0B63D81FAFD1AF002C0322 /* Actions.sks in Resources */ = {isa = PBXBuildFile; fileRef = 2B0B63D71FAFD1AF002C0322 /* Actions.sks */; };
		2B0B63DA1FAFD1AF002C0322 /* GameScene.swift in Sources */ = {isa = PBXBuildFile; fileRef = 2B0B63D91FAFD1AF002C0322 /* GameScene.swift */; };
		2B0B63DC1FAFD1AF002C0322 /* GameViewController.swift in Sources */ = {isa = PBXBuildFile; fileRef = 2B0B63DB1FAFD1AF002C0322 /* GameViewController.swift */; };
		2B0B63DF1FAFD1AF002C0322 /* Main.storyboard in Resources */ = {isa = PBXBuildFile; fileRef = 2B0B63DD1FAFD1AF002C0322 /* Main.storyboard */; };
		2B0B63E11FAFD1AF002C0322 /* Assets.xcassets in Resources */ = {isa = PBXBuildFile; fileRef = 2B0B63E01FAFD1AF002C0322 /* Assets.xcassets */; };
		2B0B63E41FAFD1AF002C0322 /* LaunchScreen.storyboard in Resources */ = {isa = PBXBuildFile; fileRef = 2B0B63E21FAFD1AF002C0322 /* LaunchScreen.storyboard */; };
		2B1178DA1FB84928006326E4 /* GameScene_Levels.swift in Sources */ = {isa = PBXBuildFile; fileRef = 2B1178D91FB84928006326E4 /* GameScene_Levels.swift */; };
		2B22D1301FC78BFA00464F20 /* Object.swift in Sources */ = {isa = PBXBuildFile; fileRef = 2B22D12F1FC78BFA00464F20 /* Object.swift */; };
		2B2CA4461FB93F4600AA35F1 /* ChooseLevelViewController.swift in Sources */ = {isa = PBXBuildFile; fileRef = 2B2CA4451FB93F4600AA35F1 /* ChooseLevelViewController.swift */; };
		2B309A881FDBB87C0095D11E /* Cupcake.png in Resources */ = {isa = PBXBuildFile; fileRef = 2B309A871FDBB87C0095D11E /* Cupcake.png */; };
		2B309A8C1FDCA2D70095D11E /* Level_5.json in Resources */ = {isa = PBXBuildFile; fileRef = 2B309A8B1FDCA2D70095D11E /* Level_5.json */; };
		2B309A941FE39BD50095D11E /* Bee.png in Resources */ = {isa = PBXBuildFile; fileRef = 2B309A931FE39BD50095D11E /* Bee.png */; };
		2B309A961FE39BF20095D11E /* Fish.png in Resources */ = {isa = PBXBuildFile; fileRef = 2B309A951FE39BF20095D11E /* Fish.png */; };
		2B54018C1FDA41B400E03C63 /* Level_2.json in Resources */ = {isa = PBXBuildFile; fileRef = 2B54018B1FDA41B400E03C63 /* Level_2.json */; };
		2B54018E1FDA81E800E03C63 /* Level_3.json in Resources */ = {isa = PBXBuildFile; fileRef = 2B54018D1FDA81E800E03C63 /* Level_3.json */; };
		2B8407F91FE6A46F004B44CE /* PlayerWalks.atlas in Resources */ = {isa = PBXBuildFile; fileRef = 2B8407F81FE6A46A004B44CE /* PlayerWalks.atlas */; };
		2B84E5291FE6587C00446FE1 /* Box.png in Resources */ = {isa = PBXBuildFile; fileRef = 2B84E5281FE6587C00446FE1 /* Box.png */; };
		2B9330721FD6352E002E5933 /* Level_1.json in Resources */ = {isa = PBXBuildFile; fileRef = 2B9330711FD6352E002E5933 /* Level_1.json */; };
		2B9330741FD63866002E5933 /* Extensions.swift in Sources */ = {isa = PBXBuildFile; fileRef = 2B9330731FD63866002E5933 /* Extensions.swift */; };
		2B9330781FD81F93002E5933 /* Character.swift in Sources */ = {isa = PBXBuildFile; fileRef = 2B9330771FD81F93002E5933 /* Character.swift */; };
		2B99C12E1FFE2844008485BF /* Checked.png in Resources */ = {isa = PBXBuildFile; fileRef = 2B99C12D1FFE2844008485BF /* Checked.png */; };
		2B99C1341FFE42DE008485BF /* Locked.png in Resources */ = {isa = PBXBuildFile; fileRef = 2B99C1331FFE42DE008485BF /* Locked.png */; };
		2B99C1381FFE5B42008485BF /* StopSign.png in Resources */ = {isa = PBXBuildFile; fileRef = 2B99C1371FFE5B41008485BF /* StopSign.png */; };
		2B9D14931FAFD57F00D3D52C /* GameScene.sks in Resources */ = {isa = PBXBuildFile; fileRef = 2B9D14921FAFD57F00D3D52C /* GameScene.sks */; };
		2BA41FEC1FFFAB860023E8FD /* Heart_empty.png in Resources */ = {isa = PBXBuildFile; fileRef = 2BA41FEA1FFFAB850023E8FD /* Heart_empty.png */; };
		2BA41FED1FFFAB860023E8FD /* Heart.png in Resources */ = {isa = PBXBuildFile; fileRef = 2BA41FEB1FFFAB860023E8FD /* Heart.png */; };
		2BBE77A01FB71F3F0042F79F /* MenuViewController.swift in Sources */ = {isa = PBXBuildFile; fileRef = 2BBE779F1FB71F3F0042F79F /* MenuViewController.swift */; };
		2BC4F2F31FB5913D002B28BB /* Model.swift in Sources */ = {isa = PBXBuildFile; fileRef = 2BC4F2F21FB5913D002B28BB /* Model.swift */; };
		2BCD9DC01FF634BC0097C4F2 /* GameScene_Touches.swift in Sources */ = {isa = PBXBuildFile; fileRef = 2BCD9DBF1FF634BC0097C4F2 /* GameScene_Touches.swift */; };
		2BCD9DC21FF640910097C4F2 /* GameScene_Move.swift in Sources */ = {isa = PBXBuildFile; fileRef = 2BCD9DC11FF640910097C4F2 /* GameScene_Move.swift */; };
		2BCD9DC81FF665510097C4F2 /* Tile_top_left.png in Resources */ = {isa = PBXBuildFile; fileRef = 2BCD9DC71FF665510097C4F2 /* Tile_top_left.png */; };
		2BCD9DCC1FF672210097C4F2 /* Tile_center.png in Resources */ = {isa = PBXBuildFile; fileRef = 2BCD9DCB1FF672210097C4F2 /* Tile_center.png */; };
		2BCD9DCE1FF672B60097C4F2 /* Tile_top.png in Resources */ = {isa = PBXBuildFile; fileRef = 2BCD9DCD1FF672B60097C4F2 /* Tile_top.png */; };
		2BD002A41FDAAC8D00A95001 /* Croissant.png in Resources */ = {isa = PBXBuildFile; fileRef = 2BD002A31FDAAC8D00A95001 /* Croissant.png */; };
		2BD002A61FDAAD2000A95001 /* StaticObject.swift in Sources */ = {isa = PBXBuildFile; fileRef = 2BD002A51FDAAD2000A95001 /* StaticObject.swift */; };
		2BD002AC1FDBAB2900A95001 /* Level_4.json in Resources */ = {isa = PBXBuildFile; fileRef = 2BD002AB1FDBAB2900A95001 /* Level_4.json */; };
		2BF041831FF7196D00624C4C /* Star.png in Resources */ = {isa = PBXBuildFile; fileRef = 2BF041821FF7196D00624C4C /* Star.png */; };
		2BF041861FF71A5A00624C4C /* PlayerPinkClimbs_1.png in Resources */ = {isa = PBXBuildFile; fileRef = 2BF041841FF71A5A00624C4C /* PlayerPinkClimbs_1.png */; };
		2BF041871FF71A5A00624C4C /* PlayerPinkClimbs_2.png in Resources */ = {isa = PBXBuildFile; fileRef = 2BF041851FF71A5A00624C4C /* PlayerPinkClimbs_2.png */; };
		2BF041931FF7276000624C4C /* Finish.png in Resources */ = {isa = PBXBuildFile; fileRef = 2BF041921FF7276000624C4C /* Finish.png */; };
		2BF041951FF7295800624C4C /* Spinner.png in Resources */ = {isa = PBXBuildFile; fileRef = 2BF041941FF7295800624C4C /* Spinner.png */; };
		2BF041971FF72E7600624C4C /* Bomb.png in Resources */ = {isa = PBXBuildFile; fileRef = 2BF041961FF72E7600624C4C /* Bomb.png */; };
/* End PBXBuildFile section */

/* Begin PBXFileReference section */
		2B0B63D01FAFD1AF002C0322 /* Thrup.app */ = {isa = PBXFileReference; explicitFileType = wrapper.application; includeInIndex = 0; path = Thrup.app; sourceTree = BUILT_PRODUCTS_DIR; };
		2B0B63D31FAFD1AF002C0322 /* AppDelegate.swift */ = {isa = PBXFileReference; lastKnownFileType = sourcecode.swift; path = AppDelegate.swift; sourceTree = "<group>"; };
		2B0B63D71FAFD1AF002C0322 /* Actions.sks */ = {isa = PBXFileReference; lastKnownFileType = file.sks; path = Actions.sks; sourceTree = "<group>"; };
		2B0B63D91FAFD1AF002C0322 /* GameScene.swift */ = {isa = PBXFileReference; lastKnownFileType = sourcecode.swift; path = GameScene.swift; sourceTree = "<group>"; };
		2B0B63DB1FAFD1AF002C0322 /* GameViewController.swift */ = {isa = PBXFileReference; lastKnownFileType = sourcecode.swift; path = GameViewController.swift; sourceTree = "<group>"; };
		2B0B63DE1FAFD1AF002C0322 /* Base */ = {isa = PBXFileReference; lastKnownFileType = file.storyboard; name = Base; path = Base.lproj/Main.storyboard; sourceTree = "<group>"; };
		2B0B63E01FAFD1AF002C0322 /* Assets.xcassets */ = {isa = PBXFileReference; lastKnownFileType = folder.assetcatalog; path = Assets.xcassets; sourceTree = "<group>"; };
		2B0B63E31FAFD1AF002C0322 /* Base */ = {isa = PBXFileReference; lastKnownFileType = file.storyboard; name = Base; path = Base.lproj/LaunchScreen.storyboard; sourceTree = "<group>"; };
		2B0B63E51FAFD1AF002C0322 /* Info.plist */ = {isa = PBXFileReference; lastKnownFileType = text.plist.xml; path = Info.plist; sourceTree = "<group>"; };
		2B1178D91FB84928006326E4 /* GameScene_Levels.swift */ = {isa = PBXFileReference; lastKnownFileType = sourcecode.swift; path = GameScene_Levels.swift; sourceTree = "<group>"; };
		2B22D12F1FC78BFA00464F20 /* Object.swift */ = {isa = PBXFileReference; lastKnownFileType = sourcecode.swift; path = Object.swift; sourceTree = "<group>"; };
		2B2CA4451FB93F4600AA35F1 /* ChooseLevelViewController.swift */ = {isa = PBXFileReference; lastKnownFileType = sourcecode.swift; path = ChooseLevelViewController.swift; sourceTree = "<group>"; };
		2B309A871FDBB87C0095D11E /* Cupcake.png */ = {isa = PBXFileReference; lastKnownFileType = image.png; path = Cupcake.png; sourceTree = "<group>"; };
		2B309A8B1FDCA2D70095D11E /* Level_5.json */ = {isa = PBXFileReference; fileEncoding = 4; lastKnownFileType = text.json; path = Level_5.json; sourceTree = "<group>"; };
		2B309A931FE39BD50095D11E /* Bee.png */ = {isa = PBXFileReference; lastKnownFileType = image.png; path = Bee.png; sourceTree = "<group>"; };
		2B309A951FE39BF20095D11E /* Fish.png */ = {isa = PBXFileReference; lastKnownFileType = image.png; path = Fish.png; sourceTree = "<group>"; };
		2B54018B1FDA41B400E03C63 /* Level_2.json */ = {isa = PBXFileReference; fileEncoding = 4; lastKnownFileType = text.json; path = Level_2.json; sourceTree = "<group>"; };
		2B54018D1FDA81E800E03C63 /* Level_3.json */ = {isa = PBXFileReference; fileEncoding = 4; lastKnownFileType = text.json; path = Level_3.json; sourceTree = "<group>"; };
		2B8407F81FE6A46A004B44CE /* PlayerWalks.atlas */ = {isa = PBXFileReference; lastKnownFileType = folder.skatlas; name = PlayerWalks.atlas; path = /Users/bezgodov/apache/GraduateProject/Thrup/PlayerWalks.atlas; sourceTree = "<absolute>"; };
		2B84E5281FE6587C00446FE1 /* Box.png */ = {isa = PBXFileReference; lastKnownFileType = image.png; path = Box.png; sourceTree = "<group>"; };
		2B9330711FD6352E002E5933 /* Level_1.json */ = {isa = PBXFileReference; lastKnownFileType = text.json; path = Level_1.json; sourceTree = "<group>"; };
		2B9330731FD63866002E5933 /* Extensions.swift */ = {isa = PBXFileReference; lastKnownFileType = sourcecode.swift; path = Extensions.swift; sourceTree = "<group>"; };
		2B9330771FD81F93002E5933 /* Character.swift */ = {isa = PBXFileReference; lastKnownFileType = sourcecode.swift; path = Character.swift; sourceTree = "<group>"; };
		2B99C12D1FFE2844008485BF /* Checked.png */ = {isa = PBXFileReference; lastKnownFileType = image.png; path = Checked.png; sourceTree = "<group>"; };
		2B99C1331FFE42DE008485BF /* Locked.png */ = {isa = PBXFileReference; lastKnownFileType = image.png; path = Locked.png; sourceTree = "<group>"; };
		2B99C1371FFE5B41008485BF /* StopSign.png */ = {isa = PBXFileReference; lastKnownFileType = image.png; path = StopSign.png; sourceTree = "<group>"; };
		2B9D14921FAFD57F00D3D52C /* GameScene.sks */ = {isa = PBXFileReference; lastKnownFileType = file.sks; path = GameScene.sks; sourceTree = "<group>"; };
		2BA41FEA1FFFAB850023E8FD /* Heart_empty.png */ = {isa = PBXFileReference; lastKnownFileType = image.png; path = Heart_empty.png; sourceTree = "<group>"; };
		2BA41FEB1FFFAB860023E8FD /* Heart.png */ = {isa = PBXFileReference; lastKnownFileType = image.png; path = Heart.png; sourceTree = "<group>"; };
		2BBE779F1FB71F3F0042F79F /* MenuViewController.swift */ = {isa = PBXFileReference; lastKnownFileType = sourcecode.swift; path = MenuViewController.swift; sourceTree = "<group>"; };
		2BC4F2F21FB5913D002B28BB /* Model.swift */ = {isa = PBXFileReference; lastKnownFileType = sourcecode.swift; path = Model.swift; sourceTree = "<group>"; };
		2BCD9DBF1FF634BC0097C4F2 /* GameScene_Touches.swift */ = {isa = PBXFileReference; lastKnownFileType = sourcecode.swift; path = GameScene_Touches.swift; sourceTree = "<group>"; };
		2BCD9DC11FF640910097C4F2 /* GameScene_Move.swift */ = {isa = PBXFileReference; lastKnownFileType = sourcecode.swift; path = GameScene_Move.swift; sourceTree = "<group>"; };
		2BCD9DC71FF665510097C4F2 /* Tile_top_left.png */ = {isa = PBXFileReference; lastKnownFileType = image.png; path = Tile_top_left.png; sourceTree = "<group>"; };
		2BCD9DCB1FF672210097C4F2 /* Tile_center.png */ = {isa = PBXFileReference; lastKnownFileType = image.png; path = Tile_center.png; sourceTree = "<group>"; };
		2BCD9DCD1FF672B60097C4F2 /* Tile_top.png */ = {isa = PBXFileReference; lastKnownFileType = image.png; path = Tile_top.png; sourceTree = "<group>"; };
		2BD002A31FDAAC8D00A95001 /* Croissant.png */ = {isa = PBXFileReference; lastKnownFileType = image.png; path = Croissant.png; sourceTree = "<group>"; };
		2BD002A51FDAAD2000A95001 /* StaticObject.swift */ = {isa = PBXFileReference; lastKnownFileType = sourcecode.swift; path = StaticObject.swift; sourceTree = "<group>"; };
		2BD002AB1FDBAB2900A95001 /* Level_4.json */ = {isa = PBXFileReference; fileEncoding = 4; lastKnownFileType = text.json; path = Level_4.json; sourceTree = "<group>"; };
		2BF041821FF7196D00624C4C /* Star.png */ = {isa = PBXFileReference; lastKnownFileType = image.png; path = Star.png; sourceTree = "<group>"; };
		2BF041841FF71A5A00624C4C /* PlayerPinkClimbs_1.png */ = {isa = PBXFileReference; lastKnownFileType = image.png; path = PlayerPinkClimbs_1.png; sourceTree = "<group>"; };
		2BF041851FF71A5A00624C4C /* PlayerPinkClimbs_2.png */ = {isa = PBXFileReference; lastKnownFileType = image.png; path = PlayerPinkClimbs_2.png; sourceTree = "<group>"; };
		2BF041921FF7276000624C4C /* Finish.png */ = {isa = PBXFileReference; lastKnownFileType = image.png; path = Finish.png; sourceTree = "<group>"; };
		2BF041941FF7295800624C4C /* Spinner.png */ = {isa = PBXFileReference; lastKnownFileType = image.png; path = Spinner.png; sourceTree = "<group>"; };
		2BF041961FF72E7600624C4C /* Bomb.png */ = {isa = PBXFileReference; lastKnownFileType = image.png; path = Bomb.png; sourceTree = "<group>"; };
/* End PBXFileReference section */

/* Begin PBXFrameworksBuildPhase section */
		2B0B63CD1FAFD1AF002C0322 /* Frameworks */ = {
			isa = PBXFrameworksBuildPhase;
			buildActionMask = 2147483647;
			files = (
			);
			runOnlyForDeploymentPostprocessing = 0;
		};
/* End PBXFrameworksBuildPhase section */

/* Begin PBXGroup section */
		2B0B63C71FAFD1AE002C0322 = {
			isa = PBXGroup;
			children = (
				2B0B63D21FAFD1AF002C0322 /* Thrup */,
				2B0B63D11FAFD1AF002C0322 /* Products */,
			);
			sourceTree = "<group>";
		};
		2B0B63D11FAFD1AF002C0322 /* Products */ = {
			isa = PBXGroup;
			children = (
				2B0B63D01FAFD1AF002C0322 /* Thrup.app */,
			);
			name = Products;
			sourceTree = "<group>";
		};
		2B0B63D21FAFD1AF002C0322 /* Thrup */ = {
			isa = PBXGroup;
			children = (
				2BCD9DC31FF65A9F0097C4F2 /* Sprites */,
				2BDCC6FA1FEF2E18009F2A0E /* BackgroundImages */,
				2B8407F81FE6A46A004B44CE /* PlayerWalks.atlas */,
				2B1178DD1FB84B7C006326E4 /* HelpClasses */,
				2B1178DB1FB84B44006326E4 /* GameScene */,
				2B1178DC1FB84B55006326E4 /* ViewControllers */,
				2B9330701FD634BC002E5933 /* Levels */,
				2BCD9DC41FF65ADD0097C4F2 /* Others */,
				2B0B63DD1FAFD1AF002C0322 /* Main.storyboard */,
				2B0B63E01FAFD1AF002C0322 /* Assets.xcassets */,
				2B0B63E21FAFD1AF002C0322 /* LaunchScreen.storyboard */,
				2B0B63E51FAFD1AF002C0322 /* Info.plist */,
			);
			path = Thrup;
			sourceTree = "<group>";
		};
		2B1178DB1FB84B44006326E4 /* GameScene */ = {
			isa = PBXGroup;
			children = (
				2B0B63D91FAFD1AF002C0322 /* GameScene.swift */,
				2B1178D91FB84928006326E4 /* GameScene_Levels.swift */,
				2BCD9DC11FF640910097C4F2 /* GameScene_Move.swift */,
				2BCD9DBF1FF634BC0097C4F2 /* GameScene_Touches.swift */,
			);
			path = GameScene;
			sourceTree = "<group>";
		};
		2B1178DC1FB84B55006326E4 /* ViewControllers */ = {
			isa = PBXGroup;
			children = (
				2B2CA4451FB93F4600AA35F1 /* ChooseLevelViewController.swift */,
				2B0B63DB1FAFD1AF002C0322 /* GameViewController.swift */,
				2BBE779F1FB71F3F0042F79F /* MenuViewController.swift */,
			);
			path = ViewControllers;
			sourceTree = "<group>";
		};
		2B1178DD1FB84B7C006326E4 /* HelpClasses */ = {
			isa = PBXGroup;
			children = (
				2B9330771FD81F93002E5933 /* Character.swift */,
				2B22D12F1FC78BFA00464F20 /* Object.swift */,
				2BD002A51FDAAD2000A95001 /* StaticObject.swift */,
				2BC4F2F21FB5913D002B28BB /* Model.swift */,
				2B9330731FD63866002E5933 /* Extensions.swift */,
			);
			path = HelpClasses;
			sourceTree = "<group>";
		};
		2B9330701FD634BC002E5933 /* Levels */ = {
			isa = PBXGroup;
			children = (
				2B9330711FD6352E002E5933 /* Level_1.json */,
				2B54018B1FDA41B400E03C63 /* Level_2.json */,
				2B54018D1FDA81E800E03C63 /* Level_3.json */,
				2BD002AB1FDBAB2900A95001 /* Level_4.json */,
				2B309A8B1FDCA2D70095D11E /* Level_5.json */,
			);
			path = Levels;
			sourceTree = "<group>";
		};
		2BCD9DC31FF65A9F0097C4F2 /* Sprites */ = {
			isa = PBXGroup;
			children = (
				2B309A931FE39BD50095D11E /* Bee.png */,
				2B99C12D1FFE2844008485BF /* Checked.png */,
				2B99C1331FFE42DE008485BF /* Locked.png */,
				2B309A951FE39BF20095D11E /* Fish.png */,
				2B84E5281FE6587C00446FE1 /* Box.png */,
				2BD002A31FDAAC8D00A95001 /* Croissant.png */,
				2BF041921FF7276000624C4C /* Finish.png */,
				2BF041961FF72E7600624C4C /* Bomb.png */,
				2B99C1371FFE5B41008485BF /* StopSign.png */,
				2B309A871FDBB87C0095D11E /* Cupcake.png */,
				2BF041941FF7295800624C4C /* Spinner.png */,
				2BA41FEA1FFFAB850023E8FD /* Heart_empty.png */,
				2BA41FEB1FFFAB860023E8FD /* Heart.png */,
				2BF041821FF7196D00624C4C /* Star.png */,
				2BF041841FF71A5A00624C4C /* PlayerPinkClimbs_1.png */,
				2BF041851FF71A5A00624C4C /* PlayerPinkClimbs_2.png */,
			);
			path = Sprites;
			sourceTree = "<group>";
		};
		2BCD9DC41FF65ADD0097C4F2 /* Others */ = {
			isa = PBXGroup;
			children = (
				2B0B63D31FAFD1AF002C0322 /* AppDelegate.swift */,
				2B0B63D71FAFD1AF002C0322 /* Actions.sks */,
				2B9D14921FAFD57F00D3D52C /* GameScene.sks */,
			);
			path = Others;
			sourceTree = "<group>";
		};
		2BDCC6FA1FEF2E18009F2A0E /* BackgroundImages */ = {
			isa = PBXGroup;
			children = (
				2BCD9DC71FF665510097C4F2 /* Tile_top_left.png */,
				2BCD9DCD1FF672B60097C4F2 /* Tile_top.png */,
				2BCD9DCB1FF672210097C4F2 /* Tile_center.png */,
			);
			path = BackgroundImages;
			sourceTree = "<group>";
		};
/* End PBXGroup section */

/* Begin PBXNativeTarget section */
		2B0B63CF1FAFD1AF002C0322 /* Thrup */ = {
			isa = PBXNativeTarget;
			buildConfigurationList = 2B0B63E81FAFD1AF002C0322 /* Build configuration list for PBXNativeTarget "Thrup" */;
			buildPhases = (
				2B0B63CC1FAFD1AF002C0322 /* Sources */,
				2B0B63CD1FAFD1AF002C0322 /* Frameworks */,
				2B0B63CE1FAFD1AF002C0322 /* Resources */,
			);
			buildRules = (
			);
			dependencies = (
			);
			name = Thrup;
			productName = Thrup;
			productReference = 2B0B63D01FAFD1AF002C0322 /* Thrup.app */;
			productType = "com.apple.product-type.application";
		};
/* End PBXNativeTarget section */

/* Begin PBXProject section */
		2B0B63C81FAFD1AF002C0322 /* Project object */ = {
			isa = PBXProject;
			attributes = {
				LastSwiftUpdateCheck = 0910;
				LastUpgradeCheck = 0910;
				TargetAttributes = {
					2B0B63CF1FAFD1AF002C0322 = {
						CreatedOnToolsVersion = 9.1;
						ProvisioningStyle = Automatic;
					};
				};
			};
			buildConfigurationList = 2B0B63CB1FAFD1AF002C0322 /* Build configuration list for PBXProject "Thrup" */;
			compatibilityVersion = "Xcode 8.0";
			developmentRegion = en;
			hasScannedForEncodings = 0;
			knownRegions = (
				en,
				Base,
			);
			mainGroup = 2B0B63C71FAFD1AE002C0322;
			productRefGroup = 2B0B63D11FAFD1AF002C0322 /* Products */;
			projectDirPath = "";
			projectRoot = "";
			targets = (
				2B0B63CF1FAFD1AF002C0322 /* Thrup */,
			);
		};
/* End PBXProject section */

/* Begin PBXResourcesBuildPhase section */
		2B0B63CE1FAFD1AF002C0322 /* Resources */ = {
			isa = PBXResourcesBuildPhase;
			buildActionMask = 2147483647;
			files = (
				2BF041831FF7196D00624C4C /* Star.png in Resources */,
				2B309A881FDBB87C0095D11E /* Cupcake.png in Resources */,
				2B309A8C1FDCA2D70095D11E /* Level_5.json in Resources */,
				2BF041871FF71A5A00624C4C /* PlayerPinkClimbs_2.png in Resources */,
				2BD002A41FDAAC8D00A95001 /* Croissant.png in Resources */,
				2B9330721FD6352E002E5933 /* Level_1.json in Resources */,
				2BF041971FF72E7600624C4C /* Bomb.png in Resources */,
				2B0B63DF1FAFD1AF002C0322 /* Main.storyboard in Resources */,
				2B9D14931FAFD57F00D3D52C /* GameScene.sks in Resources */,
				2B309A941FE39BD50095D11E /* Bee.png in Resources */,
				2BA41FEC1FFFAB860023E8FD /* Heart_empty.png in Resources */,
				2B84E5291FE6587C00446FE1 /* Box.png in Resources */,
				2BA41FED1FFFAB860023E8FD /* Heart.png in Resources */,
				2B0B63E11FAFD1AF002C0322 /* Assets.xcassets in Resources */,
				2B309A961FE39BF20095D11E /* Fish.png in Resources */,
				2BF041861FF71A5A00624C4C /* PlayerPinkClimbs_1.png in Resources */,
				2B99C1341FFE42DE008485BF /* Locked.png in Resources */,
				2BF041951FF7295800624C4C /* Spinner.png in Resources */,
				2BCD9DCC1FF672210097C4F2 /* Tile_center.png in Resources */,
				2BCD9DC81FF665510097C4F2 /* Tile_top_left.png in Resources */,
				2B8407F91FE6A46F004B44CE /* PlayerWalks.atlas in Resources */,
				2B0B63E41FAFD1AF002C0322 /* LaunchScreen.storyboard in Resources */,
				2B0B63D81FAFD1AF002C0322 /* Actions.sks in Resources */,
				2B54018E1FDA81E800E03C63 /* Level_3.json in Resources */,
				2B54018C1FDA41B400E03C63 /* Level_2.json in Resources */,
				2B99C1381FFE5B42008485BF /* StopSign.png in Resources */,
				2BD002AC1FDBAB2900A95001 /* Level_4.json in Resources */,
				2B99C12E1FFE2844008485BF /* Checked.png in Resources */,
				2BF041931FF7276000624C4C /* Finish.png in Resources */,
				2BCD9DCE1FF672B60097C4F2 /* Tile_top.png in Resources */,
			);
			runOnlyForDeploymentPostprocessing = 0;
		};
/* End PBXResourcesBuildPhase section */

/* Begin PBXSourcesBuildPhase section */
		2B0B63CC1FAFD1AF002C0322 /* Sources */ = {
			isa = PBXSourcesBuildPhase;
			buildActionMask = 2147483647;
			files = (
				2BC4F2F31FB5913D002B28BB /* Model.swift in Sources */,
				2BD002A61FDAAD2000A95001 /* StaticObject.swift in Sources */,
				2BCD9DC21FF640910097C4F2 /* GameScene_Move.swift in Sources */,
				2B2CA4461FB93F4600AA35F1 /* ChooseLevelViewController.swift in Sources */,
				2BBE77A01FB71F3F0042F79F /* MenuViewController.swift in Sources */,
				2BCD9DC01FF634BC0097C4F2 /* GameScene_Touches.swift in Sources */,
				2B9330781FD81F93002E5933 /* Character.swift in Sources */,
				2B1178DA1FB84928006326E4 /* GameScene_Levels.swift in Sources */,
				2B0B63DA1FAFD1AF002C0322 /* GameScene.swift in Sources */,
				2B0B63DC1FAFD1AF002C0322 /* GameViewController.swift in Sources */,
				2B22D1301FC78BFA00464F20 /* Object.swift in Sources */,
				2B0B63D41FAFD1AF002C0322 /* AppDelegate.swift in Sources */,
				2B9330741FD63866002E5933 /* Extensions.swift in Sources */,
			);
			runOnlyForDeploymentPostprocessing = 0;
		};
/* End PBXSourcesBuildPhase section */

/* Begin PBXVariantGroup section */
		2B0B63DD1FAFD1AF002C0322 /* Main.storyboard */ = {
			isa = PBXVariantGroup;
			children = (
				2B0B63DE1FAFD1AF002C0322 /* Base */,
			);
			name = Main.storyboard;
			sourceTree = "<group>";
		};
		2B0B63E21FAFD1AF002C0322 /* LaunchScreen.storyboard */ = {
			isa = PBXVariantGroup;
			children = (
				2B0B63E31FAFD1AF002C0322 /* Base */,
			);
			name = LaunchScreen.storyboard;
			sourceTree = "<group>";
		};
/* End PBXVariantGroup section */

/* Begin XCBuildConfiguration section */
		2B0B63E61FAFD1AF002C0322 /* Debug */ = {
			isa = XCBuildConfiguration;
			buildSettings = {
				ALWAYS_SEARCH_USER_PATHS = NO;
				CLANG_ANALYZER_NONNULL = YES;
				CLANG_ANALYZER_NUMBER_OBJECT_CONVERSION = YES_AGGRESSIVE;
				CLANG_CXX_LANGUAGE_STANDARD = "gnu++14";
				CLANG_CXX_LIBRARY = "libc++";
				CLANG_ENABLE_MODULES = YES;
				CLANG_ENABLE_OBJC_ARC = YES;
				CLANG_WARN_BLOCK_CAPTURE_AUTORELEASING = YES;
				CLANG_WARN_BOOL_CONVERSION = YES;
				CLANG_WARN_COMMA = YES;
				CLANG_WARN_CONSTANT_CONVERSION = YES;
				CLANG_WARN_DIRECT_OBJC_ISA_USAGE = YES_ERROR;
				CLANG_WARN_DOCUMENTATION_COMMENTS = YES;
				CLANG_WARN_EMPTY_BODY = YES;
				CLANG_WARN_ENUM_CONVERSION = YES;
				CLANG_WARN_INFINITE_RECURSION = YES;
				CLANG_WARN_INT_CONVERSION = YES;
				CLANG_WARN_NON_LITERAL_NULL_CONVERSION = YES;
				CLANG_WARN_OBJC_LITERAL_CONVERSION = YES;
				CLANG_WARN_OBJC_ROOT_CLASS = YES_ERROR;
				CLANG_WARN_RANGE_LOOP_ANALYSIS = YES;
				CLANG_WARN_STRICT_PROTOTYPES = YES;
				CLANG_WARN_SUSPICIOUS_MOVE = YES;
				CLANG_WARN_UNGUARDED_AVAILABILITY = YES_AGGRESSIVE;
				CLANG_WARN_UNREACHABLE_CODE = YES;
				CLANG_WARN__DUPLICATE_METHOD_MATCH = YES;
				CODE_SIGN_IDENTITY = "iPhone Developer";
				COPY_PHASE_STRIP = NO;
				DEBUG_INFORMATION_FORMAT = dwarf;
				ENABLE_STRICT_OBJC_MSGSEND = YES;
				ENABLE_TESTABILITY = YES;
				GCC_C_LANGUAGE_STANDARD = gnu11;
				GCC_DYNAMIC_NO_PIC = NO;
				GCC_NO_COMMON_BLOCKS = YES;
				GCC_OPTIMIZATION_LEVEL = 0;
				GCC_PREPROCESSOR_DEFINITIONS = (
					"DEBUG=1",
					"$(inherited)",
				);
				GCC_WARN_64_TO_32_BIT_CONVERSION = YES;
				GCC_WARN_ABOUT_RETURN_TYPE = YES_ERROR;
				GCC_WARN_UNDECLARED_SELECTOR = YES;
				GCC_WARN_UNINITIALIZED_AUTOS = YES_AGGRESSIVE;
				GCC_WARN_UNUSED_FUNCTION = YES;
				GCC_WARN_UNUSED_VARIABLE = YES;
				IPHONEOS_DEPLOYMENT_TARGET = 11.1;
				MTL_ENABLE_DEBUG_INFO = YES;
				ONLY_ACTIVE_ARCH = YES;
				SDKROOT = iphoneos;
				SWIFT_ACTIVE_COMPILATION_CONDITIONS = DEBUG;
				SWIFT_OPTIMIZATION_LEVEL = "-Onone";
			};
			name = Debug;
		};
		2B0B63E71FAFD1AF002C0322 /* Release */ = {
			isa = XCBuildConfiguration;
			buildSettings = {
				ALWAYS_SEARCH_USER_PATHS = NO;
				CLANG_ANALYZER_NONNULL = YES;
				CLANG_ANALYZER_NUMBER_OBJECT_CONVERSION = YES_AGGRESSIVE;
				CLANG_CXX_LANGUAGE_STANDARD = "gnu++14";
				CLANG_CXX_LIBRARY = "libc++";
				CLANG_ENABLE_MODULES = YES;
				CLANG_ENABLE_OBJC_ARC = YES;
				CLANG_WARN_BLOCK_CAPTURE_AUTORELEASING = YES;
				CLANG_WARN_BOOL_CONVERSION = YES;
				CLANG_WARN_COMMA = YES;
				CLANG_WARN_CONSTANT_CONVERSION = YES;
				CLANG_WARN_DIRECT_OBJC_ISA_USAGE = YES_ERROR;
				CLANG_WARN_DOCUMENTATION_COMMENTS = YES;
				CLANG_WARN_EMPTY_BODY = YES;
				CLANG_WARN_ENUM_CONVERSION = YES;
				CLANG_WARN_INFINITE_RECURSION = YES;
				CLANG_WARN_INT_CONVERSION = YES;
				CLANG_WARN_NON_LITERAL_NULL_CONVERSION = YES;
				CLANG_WARN_OBJC_LITERAL_CONVERSION = YES;
				CLANG_WARN_OBJC_ROOT_CLASS = YES_ERROR;
				CLANG_WARN_RANGE_LOOP_ANALYSIS = YES;
				CLANG_WARN_STRICT_PROTOTYPES = YES;
				CLANG_WARN_SUSPICIOUS_MOVE = YES;
				CLANG_WARN_UNGUARDED_AVAILABILITY = YES_AGGRESSIVE;
				CLANG_WARN_UNREACHABLE_CODE = YES;
				CLANG_WARN__DUPLICATE_METHOD_MATCH = YES;
				CODE_SIGN_IDENTITY = "iPhone Developer";
				COPY_PHASE_STRIP = NO;
				DEBUG_INFORMATION_FORMAT = "dwarf-with-dsym";
				ENABLE_NS_ASSERTIONS = NO;
				ENABLE_STRICT_OBJC_MSGSEND = YES;
				GCC_C_LANGUAGE_STANDARD = gnu11;
				GCC_NO_COMMON_BLOCKS = YES;
				GCC_WARN_64_TO_32_BIT_CONVERSION = YES;
				GCC_WARN_ABOUT_RETURN_TYPE = YES_ERROR;
				GCC_WARN_UNDECLARED_SELECTOR = YES;
				GCC_WARN_UNINITIALIZED_AUTOS = YES_AGGRESSIVE;
				GCC_WARN_UNUSED_FUNCTION = YES;
				GCC_WARN_UNUSED_VARIABLE = YES;
				IPHONEOS_DEPLOYMENT_TARGET = 11.1;
				MTL_ENABLE_DEBUG_INFO = NO;
				SDKROOT = iphoneos;
				SWIFT_OPTIMIZATION_LEVEL = "-Owholemodule";
				VALIDATE_PRODUCT = YES;
			};
			name = Release;
		};
		2B0B63E91FAFD1AF002C0322 /* Debug */ = {
			isa = XCBuildConfiguration;
			buildSettings = {
				ASSETCATALOG_COMPILER_APPICON_NAME = AppIcon;
				CODE_SIGN_STYLE = Automatic;
				DEVELOPMENT_TEAM = G3EGPMFS52;
				INFOPLIST_FILE = Thrup/Info.plist;
				IPHONEOS_DEPLOYMENT_TARGET = 11.0;
				LD_RUNPATH_SEARCH_PATHS = "$(inherited) @executable_path/Frameworks";
				PRODUCT_BUNDLE_IDENTIFIER = Bezgodov.Thrup;
				PRODUCT_NAME = "$(TARGET_NAME)";
				SWIFT_VERSION = 4.0;
				TARGETED_DEVICE_FAMILY = "1,2";
			};
			name = Debug;
		};
		2B0B63EA1FAFD1AF002C0322 /* Release */ = {
			isa = XCBuildConfiguration;
			buildSettings = {
				ASSETCATALOG_COMPILER_APPICON_NAME = AppIcon;
				CODE_SIGN_STYLE = Automatic;
				DEVELOPMENT_TEAM = G3EGPMFS52;
				INFOPLIST_FILE = Thrup/Info.plist;
				IPHONEOS_DEPLOYMENT_TARGET = 11.0;
				LD_RUNPATH_SEARCH_PATHS = "$(inherited) @executable_path/Frameworks";
				PRODUCT_BUNDLE_IDENTIFIER = Bezgodov.Thrup;
				PRODUCT_NAME = "$(TARGET_NAME)";
				SWIFT_VERSION = 4.0;
				TARGETED_DEVICE_FAMILY = "1,2";
			};
			name = Release;
		};
/* End XCBuildConfiguration section */

/* Begin XCConfigurationList section */
		2B0B63CB1FAFD1AF002C0322 /* Build configuration list for PBXProject "Thrup" */ = {
			isa = XCConfigurationList;
			buildConfigurations = (
				2B0B63E61FAFD1AF002C0322 /* Debug */,
				2B0B63E71FAFD1AF002C0322 /* Release */,
			);
			defaultConfigurationIsVisible = 0;
			defaultConfigurationName = Release;
		};
		2B0B63E81FAFD1AF002C0322 /* Build configuration list for PBXNativeTarget "Thrup" */ = {
			isa = XCConfigurationList;
			buildConfigurations = (
				2B0B63E91FAFD1AF002C0322 /* Debug */,
				2B0B63EA1FAFD1AF002C0322 /* Release */,
			);
			defaultConfigurationIsVisible = 0;
			defaultConfigurationName = Release;
		};
/* End XCConfigurationList section */
	};
	rootObject = 2B0B63C81FAFD1AF002C0322 /* Project object */;
}
