// !$*UTF8*$!
{
	archiveVersion = 1;
	classes = {
	};
	objectVersion = 48;
	objects = {

/* Begin PBXBuildFile section */
		2B0B63D41FAFD1AF002C0322 /* AppDelegate.swift in Sources */ = {isa = PBXBuildFile; fileRef = 2B0B63D31FAFD1AF002C0322 /* AppDelegate.swift */; };
		2B0B63D81FAFD1AF002C0322 /* Actions.sks in Resources */ = {isa = PBXBuildFile; fileRef = 2B0B63D71FAFD1AF002C0322 /* Actions.sks */; };
		2B0B63DA1FAFD1AF002C0322 /* GameScene.swift in Sources */ = {isa = PBXBuildFile; fileRef = 2B0B63D91FAFD1AF002C0322 /* GameScene.swift */; };
		2B0B63DC1FAFD1AF002C0322 /* GameViewController.swift in Sources */ = {isa = PBXBuildFile; fileRef = 2B0B63DB1FAFD1AF002C0322 /* GameViewController.swift */; };
		2B0B63DF1FAFD1AF002C0322 /* Main.storyboard in Resources */ = {isa = PBXBuildFile; fileRef = 2B0B63DD1FAFD1AF002C0322 /* Main.storyboard */; };
		2B0B63E11FAFD1AF002C0322 /* Assets.xcassets in Resources */ = {isa = PBXBuildFile; fileRef = 2B0B63E01FAFD1AF002C0322 /* Assets.xcassets */; };
		2B0B63E41FAFD1AF002C0322 /* LaunchScreen.storyboard in Resources */ = {isa = PBXBuildFile; fileRef = 2B0B63E21FAFD1AF002C0322 /* LaunchScreen.storyboard */; };
		2B0CF13920283BBE0060BEF7 /* GameScene_ModalWindow.swift in Sources */ = {isa = PBXBuildFile; fileRef = 2B0CF13820283BBD0060BEF7 /* GameScene_ModalWindow.swift */; };
		2B0CF13B20287D3A0060BEF7 /* TopMenuViewBorderDown.png in Resources */ = {isa = PBXBuildFile; fileRef = 2B0CF13A20287D390060BEF7 /* TopMenuViewBorderDown.png */; };
		2B0CF13D20287F610060BEF7 /* TopMenuViewBorderUp.png in Resources */ = {isa = PBXBuildFile; fileRef = 2B0CF13C20287F600060BEF7 /* TopMenuViewBorderUp.png */; };
		2B0CF14120288F0C0060BEF7 /* Settings_back.png in Resources */ = {isa = PBXBuildFile; fileRef = 2B0CF14020288F0B0060BEF7 /* Settings_back.png */; };
		2B0CF144202890C20060BEF7 /* Levels_settings.png in Resources */ = {isa = PBXBuildFile; fileRef = 2B0CF142202890C00060BEF7 /* Levels_settings.png */; };
		2B1178DA1FB84928006326E4 /* GameScene_Levels.swift in Sources */ = {isa = PBXBuildFile; fileRef = 2B1178D91FB84928006326E4 /* GameScene_Levels.swift */; };
		2B22D1301FC78BFA00464F20 /* Object.swift in Sources */ = {isa = PBXBuildFile; fileRef = 2B22D12F1FC78BFA00464F20 /* Object.swift */; };
		2B2CA4461FB93F4600AA35F1 /* ChooseLevelViewController.swift in Sources */ = {isa = PBXBuildFile; fileRef = 2B2CA4451FB93F4600AA35F1 /* ChooseLevelViewController.swift */; };
		2B309555200B1C5E00F571DA /* Level_9.json in Resources */ = {isa = PBXBuildFile; fileRef = 2B309554200B1C5E00F571DA /* Level_9.json */; };
		2B309A8C1FDCA2D70095D11E /* Level_5.json in Resources */ = {isa = PBXBuildFile; fileRef = 2B309A8B1FDCA2D70095D11E /* Level_5.json */; };
		2B309A941FE39BD50095D11E /* Bee.png in Resources */ = {isa = PBXBuildFile; fileRef = 2B309A931FE39BD50095D11E /* Bee.png */; };
		2B309A961FE39BF20095D11E /* Fish.png in Resources */ = {isa = PBXBuildFile; fileRef = 2B309A951FE39BF20095D11E /* Fish.png */; };
		2B54018C1FDA41B400E03C63 /* Level_3.json in Resources */ = {isa = PBXBuildFile; fileRef = 2B54018B1FDA41B400E03C63 /* Level_3.json */; };
		2B54018E1FDA81E800E03C63 /* Level_4.json in Resources */ = {isa = PBXBuildFile; fileRef = 2B54018D1FDA81E800E03C63 /* Level_4.json */; };
		2B5DCA9A2025EEAB007E9A54 /* Bomb.png in Resources */ = {isa = PBXBuildFile; fileRef = 2B5DCA992025EEAB007E9A54 /* Bomb.png */; };
		2B5DCA9C2025EEE4007E9A54 /* Bomb_explosion.png in Resources */ = {isa = PBXBuildFile; fileRef = 2B5DCA9B2025EEE4007E9A54 /* Bomb_explosion.png */; };
		2B5DCA9E2025F06A007E9A54 /* StopSign.png in Resources */ = {isa = PBXBuildFile; fileRef = 2B5DCA9D2025F069007E9A54 /* StopSign.png */; };
		2B5DCAAC20269B15007E9A54 /* Menu_levels.png in Resources */ = {isa = PBXBuildFile; fileRef = 2B5DCAA920269B13007E9A54 /* Menu_levels.png */; };
		2B5DCAAE20269B15007E9A54 /* Menu_start.png in Resources */ = {isa = PBXBuildFile; fileRef = 2B5DCAAB20269B14007E9A54 /* Menu_start.png */; };
		2B5DCAB020269D22007E9A54 /* Menu_circle.png in Resources */ = {isa = PBXBuildFile; fileRef = 2B5DCAAF20269D22007E9A54 /* Menu_circle.png */; };
		2B5DCAB42026B7D3007E9A54 /* Menu_questionMark.png in Resources */ = {isa = PBXBuildFile; fileRef = 2B5DCAB32026B7D3007E9A54 /* Menu_questionMark.png */; };
		2B5DCAB620272DAD007E9A54 /* Heart_empty.png in Resources */ = {isa = PBXBuildFile; fileRef = 2B5DCAB520272DAC007E9A54 /* Heart_empty.png */; };
		2B5DCAB92027E22F007E9A54 /* Menu_circle-red.png in Resources */ = {isa = PBXBuildFile; fileRef = 2B5DCAB82027E22F007E9A54 /* Menu_circle-red.png */; };
		2B70BAA82012FFC8001866D5 /* Level_11.json in Resources */ = {isa = PBXBuildFile; fileRef = 2B70BAA72012FFC8001866D5 /* Level_11.json */; };
		2B70BAC42014C9AF001866D5 /* Level_12.json in Resources */ = {isa = PBXBuildFile; fileRef = 2B70BAC32014C9AF001866D5 /* Level_12.json */; };
		2B70BAC7201574AD001866D5 /* Spikes.png in Resources */ = {isa = PBXBuildFile; fileRef = 2B70BAC5201574AC001866D5 /* Spikes.png */; };
		2B70BAD0201589B7001866D5 /* SpikesBox.png in Resources */ = {isa = PBXBuildFile; fileRef = 2B70BACF201589B7001866D5 /* SpikesBox.png */; };
		2B7DFDFD202D506300999922 /* SKTAudio.swift in Sources */ = {isa = PBXBuildFile; fileRef = 2B7DFDFC202D506300999922 /* SKTAudio.swift */; };
		2B7DFE05202D739B00999922 /* BgMusic.mp3 in Resources */ = {isa = PBXBuildFile; fileRef = 2B7DFE04202D739A00999922 /* BgMusic.mp3 */; };
		2B7DFE13202D881200999922 /* Disable.wav in Resources */ = {isa = PBXBuildFile; fileRef = 2B7DFE12202D881100999922 /* Disable.wav */; };
		2B7DFE15202D8D1100999922 /* Lose.mp3 in Resources */ = {isa = PBXBuildFile; fileRef = 2B7DFE14202D8D1100999922 /* Lose.mp3 */; };
		2B7DFE19202D904100999922 /* Win.wav in Resources */ = {isa = PBXBuildFile; fileRef = 2B7DFE18202D904100999922 /* Win.wav */; };
		2B7DFE1D202D91F600999922 /* Explosion.wav in Resources */ = {isa = PBXBuildFile; fileRef = 2B7DFE1C202D91F600999922 /* Explosion.wav */; };
		2B7DFE1F202D937F00999922 /* PickUpStar.mp3 in Resources */ = {isa = PBXBuildFile; fileRef = 2B7DFE1E202D937E00999922 /* PickUpStar.mp3 */; };
		2B7DFE21202D9AB300999922 /* PickUpCoin.mp3 in Resources */ = {isa = PBXBuildFile; fileRef = 2B7DFE20202D9AB300999922 /* PickUpCoin.mp3 */; };
		2B7DFE25202D9C4000999922 /* Click.wav in Resources */ = {isa = PBXBuildFile; fileRef = 2B7DFE24202D9C3F00999922 /* Click.wav */; };
		2B7DFE35202DBE1F00999922 /* NoStart.mp3 in Resources */ = {isa = PBXBuildFile; fileRef = 2B7DFE34202DBE1E00999922 /* NoStart.mp3 */; };
		2B7DFE37202DC03B00999922 /* GrassStep.mp3 in Resources */ = {isa = PBXBuildFile; fileRef = 2B7DFE36202DC03B00999922 /* GrassStep.mp3 */; };
		2B80697D202FF4DE00BCB334 /* LaunchScreenPicture.png in Resources */ = {isa = PBXBuildFile; fileRef = 2B80697C202FF4DE00BCB334 /* LaunchScreenPicture.png */; };
		2B8407F91FE6A46F004B44CE /* PlayerWalks.atlas in Resources */ = {isa = PBXBuildFile; fileRef = 2B8407F81FE6A46A004B44CE /* PlayerWalks.atlas */; };
		2B9330721FD6352E002E5933 /* Level_1.json in Resources */ = {isa = PBXBuildFile; fileRef = 2B9330711FD6352E002E5933 /* Level_1.json */; };
		2B9330741FD63866002E5933 /* Extensions.swift in Sources */ = {isa = PBXBuildFile; fileRef = 2B9330731FD63866002E5933 /* Extensions.swift */; };
		2B9330781FD81F93002E5933 /* Character.swift in Sources */ = {isa = PBXBuildFile; fileRef = 2B9330771FD81F93002E5933 /* Character.swift */; };
		2B98BA2E202F219E0023E539 /* ErasePath.png in Resources */ = {isa = PBXBuildFile; fileRef = 2B98BA2D202F219E0023E539 /* ErasePath.png */; };
		2B99C12E1FFE2844008485BF /* Checked.png in Resources */ = {isa = PBXBuildFile; fileRef = 2B99C12D1FFE2844008485BF /* Checked.png */; };
		2B99C1341FFE42DE008485BF /* Locked.png in Resources */ = {isa = PBXBuildFile; fileRef = 2B99C1331FFE42DE008485BF /* Locked.png */; };
		2B9D14931FAFD57F00D3D52C /* GameScene.sks in Resources */ = {isa = PBXBuildFile; fileRef = 2B9D14921FAFD57F00D3D52C /* GameScene.sks */; };
		2BA41FEC1FFFAB860023E8FD /* Heart_empty-unfilled.png in Resources */ = {isa = PBXBuildFile; fileRef = 2BA41FEA1FFFAB850023E8FD /* Heart_empty-unfilled.png */; };
		2BA41FED1FFFAB860023E8FD /* Heart.png in Resources */ = {isa = PBXBuildFile; fileRef = 2BA41FEB1FFFAB860023E8FD /* Heart.png */; };
		2BA7D9F92016C09C0053BAA3 /* Bridge.png in Resources */ = {isa = PBXBuildFile; fileRef = 2BA7D9F82016C09C0053BAA3 /* Bridge.png */; };
		2BB481D62021DD0E009560B2 /* GameScene_Tutorial.swift in Sources */ = {isa = PBXBuildFile; fileRef = 2BB481D52021DD0E009560B2 /* GameScene_Tutorial.swift */; };
		2BB481D92023220E009560B2 /* Tap.png in Resources */ = {isa = PBXBuildFile; fileRef = 2BB481D72023220D009560B2 /* Tap.png */; };
		2BB481DC202327CA009560B2 /* Level_2.json in Resources */ = {isa = PBXBuildFile; fileRef = 2BB481DB202327CA009560B2 /* Level_2.json */; };
		2BB481DE20232E49009560B2 /* Level_7.json in Resources */ = {isa = PBXBuildFile; fileRef = 2BB481DD20232E49009560B2 /* Level_7.json */; };
		2BB481E02023331C009560B2 /* Level_8.json in Resources */ = {isa = PBXBuildFile; fileRef = 2BB481DF2023331C009560B2 /* Level_8.json */; };
		2BBE77A01FB71F3F0042F79F /* MenuViewController.swift in Sources */ = {isa = PBXBuildFile; fileRef = 2BBE779F1FB71F3F0042F79F /* MenuViewController.swift */; };
		2BC4F2F31FB5913D002B28BB /* Model.swift in Sources */ = {isa = PBXBuildFile; fileRef = 2BC4F2F21FB5913D002B28BB /* Model.swift */; };
		2BC7B77D20173D1800B99AB8 /* Level_13.json in Resources */ = {isa = PBXBuildFile; fileRef = 2BC7B77C20173D1800B99AB8 /* Level_13.json */; };
		2BCD9DC01FF634BC0097C4F2 /* GameScene_Touches.swift in Sources */ = {isa = PBXBuildFile; fileRef = 2BCD9DBF1FF634BC0097C4F2 /* GameScene_Touches.swift */; };
		2BCD9DC21FF640910097C4F2 /* GameScene_Move.swift in Sources */ = {isa = PBXBuildFile; fileRef = 2BCD9DC11FF640910097C4F2 /* GameScene_Move.swift */; };
		2BCD9DC81FF665510097C4F2 /* Tile_top_left.png in Resources */ = {isa = PBXBuildFile; fileRef = 2BCD9DC71FF665510097C4F2 /* Tile_top_left.png */; };
		2BCD9DCC1FF672210097C4F2 /* Tile_center.png in Resources */ = {isa = PBXBuildFile; fileRef = 2BCD9DCB1FF672210097C4F2 /* Tile_center.png */; };
		2BCD9DCE1FF672B60097C4F2 /* Tile_top.png in Resources */ = {isa = PBXBuildFile; fileRef = 2BCD9DCD1FF672B60097C4F2 /* Tile_top.png */; };
		2BD002A61FDAAD2000A95001 /* StaticObject.swift in Sources */ = {isa = PBXBuildFile; fileRef = 2BD002A51FDAAD2000A95001 /* StaticObject.swift */; };
		2BD002AC1FDBAB2900A95001 /* Level_6.json in Resources */ = {isa = PBXBuildFile; fileRef = 2BD002AB1FDBAB2900A95001 /* Level_6.json */; };
		2BD139962031374A005C3C76 /* Switch.wav in Resources */ = {isa = PBXBuildFile; fileRef = 2BD139952031374A005C3C76 /* Switch.wav */; };
		2BD1399820313A70005C3C76 /* Click_ModalWindow.wav in Resources */ = {isa = PBXBuildFile; fileRef = 2BD1399720313A6F005C3C76 /* Click_ModalWindow.wav */; };
		2BDCDFDD2011B04D00DCFA6D /* Level_10.json in Resources */ = {isa = PBXBuildFile; fileRef = 2BDCDFDC2011B04D00DCFA6D /* Level_10.json */; };
		2BDCE0012012B9B200DCFA6D /* AlarmClock.png in Resources */ = {isa = PBXBuildFile; fileRef = 2BDCE0002012B9B200DCFA6D /* AlarmClock.png */; };
		2BEF9FD5202A841200EFFB0F /* Fireworks_particle.png in Resources */ = {isa = PBXBuildFile; fileRef = 2BEF9FD4202A841200EFFB0F /* Fireworks_particle.png */; };
		2BF041831FF7196D00624C4C /* Star.png in Resources */ = {isa = PBXBuildFile; fileRef = 2BF041821FF7196D00624C4C /* Star.png */; };
		2BF041861FF71A5A00624C4C /* PlayerPinkClimbs_1.png in Resources */ = {isa = PBXBuildFile; fileRef = 2BF041841FF71A5A00624C4C /* PlayerPinkClimbs_1.png */; };
		2BF041871FF71A5A00624C4C /* PlayerPinkClimbs_2.png in Resources */ = {isa = PBXBuildFile; fileRef = 2BF041851FF71A5A00624C4C /* PlayerPinkClimbs_2.png */; };
		2BF041951FF7295800624C4C /* Spinner.png in Resources */ = {isa = PBXBuildFile; fileRef = 2BF041941FF7295800624C4C /* Spinner.png */; };
		2BFD739D20084C8A00968FB5 /* Gem_blue.png in Resources */ = {isa = PBXBuildFile; fileRef = 2BFD739920084C8700968FB5 /* Gem_blue.png */; };
		2BFD739E20084C8A00968FB5 /* Gem_green.png in Resources */ = {isa = PBXBuildFile; fileRef = 2BFD739A20084C8800968FB5 /* Gem_green.png */; };
		2BFD739F20084C8A00968FB5 /* Gem_yellow.png in Resources */ = {isa = PBXBuildFile; fileRef = 2BFD739B20084C8900968FB5 /* Gem_yellow.png */; };
		2BFD73A020084C8A00968FB5 /* Gem_red.png in Resources */ = {isa = PBXBuildFile; fileRef = 2BFD739C20084C8900968FB5 /* Gem_red.png */; };
		2BFEF9AD200A3DC300A7AB79 /* PlayerStaysFront.png in Resources */ = {isa = PBXBuildFile; fileRef = 2BFEF9AC200A3DC200A7AB79 /* PlayerStaysFront.png */; };
/* End PBXBuildFile section */

/* Begin PBXFileReference section */
		2B0B63D01FAFD1AF002C0322 /* Thrup.app */ = {isa = PBXFileReference; explicitFileType = wrapper.application; includeInIndex = 0; path = Thrup.app; sourceTree = BUILT_PRODUCTS_DIR; };
		2B0B63D31FAFD1AF002C0322 /* AppDelegate.swift */ = {isa = PBXFileReference; lastKnownFileType = sourcecode.swift; path = AppDelegate.swift; sourceTree = "<group>"; };
		2B0B63D71FAFD1AF002C0322 /* Actions.sks */ = {isa = PBXFileReference; lastKnownFileType = file.sks; path = Actions.sks; sourceTree = "<group>"; };
		2B0B63D91FAFD1AF002C0322 /* GameScene.swift */ = {isa = PBXFileReference; lastKnownFileType = sourcecode.swift; path = GameScene.swift; sourceTree = "<group>"; };
		2B0B63DB1FAFD1AF002C0322 /* GameViewController.swift */ = {isa = PBXFileReference; lastKnownFileType = sourcecode.swift; path = GameViewController.swift; sourceTree = "<group>"; };
		2B0B63DE1FAFD1AF002C0322 /* Base */ = {isa = PBXFileReference; lastKnownFileType = file.storyboard; name = Base; path = Base.lproj/Main.storyboard; sourceTree = "<group>"; };
		2B0B63E01FAFD1AF002C0322 /* Assets.xcassets */ = {isa = PBXFileReference; lastKnownFileType = folder.assetcatalog; path = Assets.xcassets; sourceTree = "<group>"; };
		2B0B63E31FAFD1AF002C0322 /* Base */ = {isa = PBXFileReference; lastKnownFileType = file.storyboard; name = Base; path = Base.lproj/LaunchScreen.storyboard; sourceTree = "<group>"; };
		2B0B63E51FAFD1AF002C0322 /* Info.plist */ = {isa = PBXFileReference; lastKnownFileType = text.plist.xml; path = Info.plist; sourceTree = "<group>"; };
		2B0CF13820283BBD0060BEF7 /* GameScene_ModalWindow.swift */ = {isa = PBXFileReference; lastKnownFileType = sourcecode.swift; path = GameScene_ModalWindow.swift; sourceTree = "<group>"; };
		2B0CF13A20287D390060BEF7 /* TopMenuViewBorderDown.png */ = {isa = PBXFileReference; lastKnownFileType = image.png; path = TopMenuViewBorderDown.png; sourceTree = "<group>"; };
		2B0CF13C20287F600060BEF7 /* TopMenuViewBorderUp.png */ = {isa = PBXFileReference; lastKnownFileType = image.png; path = TopMenuViewBorderUp.png; sourceTree = "<group>"; };
		2B0CF14020288F0B0060BEF7 /* Settings_back.png */ = {isa = PBXFileReference; lastKnownFileType = image.png; path = Settings_back.png; sourceTree = "<group>"; };
		2B0CF142202890C00060BEF7 /* Levels_settings.png */ = {isa = PBXFileReference; lastKnownFileType = image.png; path = Levels_settings.png; sourceTree = "<group>"; };
		2B1178D91FB84928006326E4 /* GameScene_Levels.swift */ = {isa = PBXFileReference; lastKnownFileType = sourcecode.swift; path = GameScene_Levels.swift; sourceTree = "<group>"; };
		2B22D12F1FC78BFA00464F20 /* Object.swift */ = {isa = PBXFileReference; lastKnownFileType = sourcecode.swift; path = Object.swift; sourceTree = "<group>"; };
		2B2CA4451FB93F4600AA35F1 /* ChooseLevelViewController.swift */ = {isa = PBXFileReference; lastKnownFileType = sourcecode.swift; path = ChooseLevelViewController.swift; sourceTree = "<group>"; };
		2B309554200B1C5E00F571DA /* Level_9.json */ = {isa = PBXFileReference; fileEncoding = 4; lastKnownFileType = text.json; path = Level_9.json; sourceTree = "<group>"; };
		2B309A8B1FDCA2D70095D11E /* Level_5.json */ = {isa = PBXFileReference; fileEncoding = 4; lastKnownFileType = text.json; path = Level_5.json; sourceTree = "<group>"; };
		2B309A931FE39BD50095D11E /* Bee.png */ = {isa = PBXFileReference; lastKnownFileType = image.png; path = Bee.png; sourceTree = "<group>"; };
		2B309A951FE39BF20095D11E /* Fish.png */ = {isa = PBXFileReference; lastKnownFileType = image.png; path = Fish.png; sourceTree = "<group>"; };
		2B54018B1FDA41B400E03C63 /* Level_3.json */ = {isa = PBXFileReference; fileEncoding = 4; lastKnownFileType = text.json; path = Level_3.json; sourceTree = "<group>"; };
		2B54018D1FDA81E800E03C63 /* Level_4.json */ = {isa = PBXFileReference; fileEncoding = 4; lastKnownFileType = text.json; path = Level_4.json; sourceTree = "<group>"; };
		2B5DCA992025EEAB007E9A54 /* Bomb.png */ = {isa = PBXFileReference; lastKnownFileType = image.png; path = Bomb.png; sourceTree = "<group>"; };
		2B5DCA9B2025EEE4007E9A54 /* Bomb_explosion.png */ = {isa = PBXFileReference; lastKnownFileType = image.png; path = Bomb_explosion.png; sourceTree = "<group>"; };
		2B5DCA9D2025F069007E9A54 /* StopSign.png */ = {isa = PBXFileReference; lastKnownFileType = image.png; path = StopSign.png; sourceTree = "<group>"; };
		2B5DCAA920269B13007E9A54 /* Menu_levels.png */ = {isa = PBXFileReference; lastKnownFileType = image.png; path = Menu_levels.png; sourceTree = "<group>"; };
		2B5DCAAB20269B14007E9A54 /* Menu_start.png */ = {isa = PBXFileReference; lastKnownFileType = image.png; path = Menu_start.png; sourceTree = "<group>"; };
		2B5DCAAF20269D22007E9A54 /* Menu_circle.png */ = {isa = PBXFileReference; lastKnownFileType = image.png; path = Menu_circle.png; sourceTree = "<group>"; };
		2B5DCAB32026B7D3007E9A54 /* Menu_questionMark.png */ = {isa = PBXFileReference; lastKnownFileType = image.png; path = Menu_questionMark.png; sourceTree = "<group>"; };
		2B5DCAB520272DAC007E9A54 /* Heart_empty.png */ = {isa = PBXFileReference; lastKnownFileType = image.png; path = Heart_empty.png; sourceTree = "<group>"; };
		2B5DCAB82027E22F007E9A54 /* Menu_circle-red.png */ = {isa = PBXFileReference; lastKnownFileType = image.png; path = "Menu_circle-red.png"; sourceTree = "<group>"; };
		2B70BAA72012FFC8001866D5 /* Level_11.json */ = {isa = PBXFileReference; fileEncoding = 4; lastKnownFileType = text.json; path = Level_11.json; sourceTree = "<group>"; };
		2B70BAC32014C9AF001866D5 /* Level_12.json */ = {isa = PBXFileReference; fileEncoding = 4; lastKnownFileType = text.json; path = Level_12.json; sourceTree = "<group>"; };
		2B70BAC5201574AC001866D5 /* Spikes.png */ = {isa = PBXFileReference; lastKnownFileType = image.png; path = Spikes.png; sourceTree = "<group>"; };
		2B70BACF201589B7001866D5 /* SpikesBox.png */ = {isa = PBXFileReference; lastKnownFileType = image.png; path = SpikesBox.png; sourceTree = "<group>"; };
		2B7DFDFC202D506300999922 /* SKTAudio.swift */ = {isa = PBXFileReference; fileEncoding = 4; lastKnownFileType = sourcecode.swift; path = SKTAudio.swift; sourceTree = "<group>"; };
		2B7DFE04202D739A00999922 /* BgMusic.mp3 */ = {isa = PBXFileReference; lastKnownFileType = audio.mp3; path = BgMusic.mp3; sourceTree = "<group>"; };
		2B7DFE12202D881100999922 /* Disable.wav */ = {isa = PBXFileReference; lastKnownFileType = audio.wav; path = Disable.wav; sourceTree = "<group>"; };
		2B7DFE14202D8D1100999922 /* Lose.mp3 */ = {isa = PBXFileReference; lastKnownFileType = audio.mp3; path = Lose.mp3; sourceTree = "<group>"; };
		2B7DFE18202D904100999922 /* Win.wav */ = {isa = PBXFileReference; lastKnownFileType = audio.wav; path = Win.wav; sourceTree = "<group>"; };
		2B7DFE1C202D91F600999922 /* Explosion.wav */ = {isa = PBXFileReference; lastKnownFileType = audio.wav; path = Explosion.wav; sourceTree = "<group>"; };
		2B7DFE1E202D937E00999922 /* PickUpStar.mp3 */ = {isa = PBXFileReference; lastKnownFileType = audio.mp3; path = PickUpStar.mp3; sourceTree = "<group>"; };
		2B7DFE20202D9AB300999922 /* PickUpCoin.mp3 */ = {isa = PBXFileReference; lastKnownFileType = audio.mp3; path = PickUpCoin.mp3; sourceTree = "<group>"; };
		2B7DFE24202D9C3F00999922 /* Click.wav */ = {isa = PBXFileReference; lastKnownFileType = audio.wav; path = Click.wav; sourceTree = "<group>"; };
		2B7DFE34202DBE1E00999922 /* NoStart.mp3 */ = {isa = PBXFileReference; lastKnownFileType = audio.mp3; path = NoStart.mp3; sourceTree = "<group>"; };
		2B7DFE36202DC03B00999922 /* GrassStep.mp3 */ = {isa = PBXFileReference; lastKnownFileType = audio.mp3; path = GrassStep.mp3; sourceTree = "<group>"; };
		2B80697C202FF4DE00BCB334 /* LaunchScreenPicture.png */ = {isa = PBXFileReference; lastKnownFileType = image.png; path = LaunchScreenPicture.png; sourceTree = "<group>"; };
		2B8407F81FE6A46A004B44CE /* PlayerWalks.atlas */ = {isa = PBXFileReference; lastKnownFileType = folder.skatlas; path = PlayerWalks.atlas; sourceTree = "<group>"; };
		2B9330711FD6352E002E5933 /* Level_1.json */ = {isa = PBXFileReference; lastKnownFileType = text.json; path = Level_1.json; sourceTree = "<group>"; };
		2B9330731FD63866002E5933 /* Extensions.swift */ = {isa = PBXFileReference; lastKnownFileType = sourcecode.swift; path = Extensions.swift; sourceTree = "<group>"; };
		2B9330771FD81F93002E5933 /* Character.swift */ = {isa = PBXFileReference; lastKnownFileType = sourcecode.swift; path = Character.swift; sourceTree = "<group>"; };
		2B98BA2D202F219E0023E539 /* ErasePath.png */ = {isa = PBXFileReference; lastKnownFileType = image.png; path = ErasePath.png; sourceTree = "<group>"; };
		2B99C12D1FFE2844008485BF /* Checked.png */ = {isa = PBXFileReference; lastKnownFileType = image.png; path = Checked.png; sourceTree = "<group>"; };
		2B99C1331FFE42DE008485BF /* Locked.png */ = {isa = PBXFileReference; lastKnownFileType = image.png; path = Locked.png; sourceTree = "<group>"; };
		2B9D14921FAFD57F00D3D52C /* GameScene.sks */ = {isa = PBXFileReference; lastKnownFileType = file.sks; path = GameScene.sks; sourceTree = "<group>"; };
		2BA41FEA1FFFAB850023E8FD /* Heart_empty-unfilled.png */ = {isa = PBXFileReference; lastKnownFileType = image.png; path = "Heart_empty-unfilled.png"; sourceTree = "<group>"; };
		2BA41FEB1FFFAB860023E8FD /* Heart.png */ = {isa = PBXFileReference; lastKnownFileType = image.png; path = Heart.png; sourceTree = "<group>"; };
		2BA7D9F82016C09C0053BAA3 /* Bridge.png */ = {isa = PBXFileReference; lastKnownFileType = image.png; path = Bridge.png; sourceTree = "<group>"; };
		2BB481D52021DD0E009560B2 /* GameScene_Tutorial.swift */ = {isa = PBXFileReference; fileEncoding = 4; lastKnownFileType = sourcecode.swift; path = GameScene_Tutorial.swift; sourceTree = "<group>"; };
		2BB481D72023220D009560B2 /* Tap.png */ = {isa = PBXFileReference; lastKnownFileType = image.png; path = Tap.png; sourceTree = "<group>"; };
		2BB481DB202327CA009560B2 /* Level_2.json */ = {isa = PBXFileReference; fileEncoding = 4; lastKnownFileType = text.json; path = Level_2.json; sourceTree = "<group>"; };
		2BB481DD20232E49009560B2 /* Level_7.json */ = {isa = PBXFileReference; fileEncoding = 4; lastKnownFileType = text.json; path = Level_7.json; sourceTree = "<group>"; };
		2BB481DF2023331C009560B2 /* Level_8.json */ = {isa = PBXFileReference; fileEncoding = 4; lastKnownFileType = text.json; path = Level_8.json; sourceTree = "<group>"; };
		2BBE779F1FB71F3F0042F79F /* MenuViewController.swift */ = {isa = PBXFileReference; lastKnownFileType = sourcecode.swift; path = MenuViewController.swift; sourceTree = "<group>"; };
		2BC4F2F21FB5913D002B28BB /* Model.swift */ = {isa = PBXFileReference; lastKnownFileType = sourcecode.swift; path = Model.swift; sourceTree = "<group>"; };
		2BC7B77C20173D1800B99AB8 /* Level_13.json */ = {isa = PBXFileReference; fileEncoding = 4; lastKnownFileType = text.json; path = Level_13.json; sourceTree = "<group>"; };
		2BCD9DBF1FF634BC0097C4F2 /* GameScene_Touches.swift */ = {isa = PBXFileReference; lastKnownFileType = sourcecode.swift; path = GameScene_Touches.swift; sourceTree = "<group>"; };
		2BCD9DC11FF640910097C4F2 /* GameScene_Move.swift */ = {isa = PBXFileReference; lastKnownFileType = sourcecode.swift; path = GameScene_Move.swift; sourceTree = "<group>"; };
		2BCD9DC71FF665510097C4F2 /* Tile_top_left.png */ = {isa = PBXFileReference; lastKnownFileType = image.png; path = Tile_top_left.png; sourceTree = "<group>"; };
		2BCD9DCB1FF672210097C4F2 /* Tile_center.png */ = {isa = PBXFileReference; lastKnownFileType = image.png; path = Tile_center.png; sourceTree = "<group>"; };
		2BCD9DCD1FF672B60097C4F2 /* Tile_top.png */ = {isa = PBXFileReference; lastKnownFileType = image.png; path = Tile_top.png; sourceTree = "<group>"; };
		2BD002A51FDAAD2000A95001 /* StaticObject.swift */ = {isa = PBXFileReference; lastKnownFileType = sourcecode.swift; path = StaticObject.swift; sourceTree = "<group>"; };
		2BD002AB1FDBAB2900A95001 /* Level_6.json */ = {isa = PBXFileReference; fileEncoding = 4; lastKnownFileType = text.json; path = Level_6.json; sourceTree = "<group>"; };
		2BD139952031374A005C3C76 /* Switch.wav */ = {isa = PBXFileReference; lastKnownFileType = audio.wav; path = Switch.wav; sourceTree = "<group>"; };
		2BD1399720313A6F005C3C76 /* Click_ModalWindow.wav */ = {isa = PBXFileReference; lastKnownFileType = audio.wav; path = Click_ModalWindow.wav; sourceTree = "<group>"; };
		2BDCDFDC2011B04D00DCFA6D /* Level_10.json */ = {isa = PBXFileReference; fileEncoding = 4; lastKnownFileType = text.json; path = Level_10.json; sourceTree = "<group>"; };
		2BDCE0002012B9B200DCFA6D /* AlarmClock.png */ = {isa = PBXFileReference; lastKnownFileType = image.png; path = AlarmClock.png; sourceTree = "<group>"; };
		2BEF9FD4202A841200EFFB0F /* Fireworks_particle.png */ = {isa = PBXFileReference; lastKnownFileType = image.png; path = Fireworks_particle.png; sourceTree = "<group>"; };
		2BF041821FF7196D00624C4C /* Star.png */ = {isa = PBXFileReference; lastKnownFileType = image.png; path = Star.png; sourceTree = "<group>"; };
		2BF041841FF71A5A00624C4C /* PlayerPinkClimbs_1.png */ = {isa = PBXFileReference; lastKnownFileType = image.png; path = PlayerPinkClimbs_1.png; sourceTree = "<group>"; };
		2BF041851FF71A5A00624C4C /* PlayerPinkClimbs_2.png */ = {isa = PBXFileReference; lastKnownFileType = image.png; path = PlayerPinkClimbs_2.png; sourceTree = "<group>"; };
		2BF041941FF7295800624C4C /* Spinner.png */ = {isa = PBXFileReference; lastKnownFileType = image.png; path = Spinner.png; sourceTree = "<group>"; };
		2BFD739920084C8700968FB5 /* Gem_blue.png */ = {isa = PBXFileReference; lastKnownFileType = image.png; path = Gem_blue.png; sourceTree = "<group>"; };
		2BFD739A20084C8800968FB5 /* Gem_green.png */ = {isa = PBXFileReference; lastKnownFileType = image.png; path = Gem_green.png; sourceTree = "<group>"; };
		2BFD739B20084C8900968FB5 /* Gem_yellow.png */ = {isa = PBXFileReference; lastKnownFileType = image.png; path = Gem_yellow.png; sourceTree = "<group>"; };
		2BFD739C20084C8900968FB5 /* Gem_red.png */ = {isa = PBXFileReference; lastKnownFileType = image.png; path = Gem_red.png; sourceTree = "<group>"; };
		2BFEF9AC200A3DC200A7AB79 /* PlayerStaysFront.png */ = {isa = PBXFileReference; lastKnownFileType = image.png; path = PlayerStaysFront.png; sourceTree = "<group>"; };
/* End PBXFileReference section */

/* Begin PBXFrameworksBuildPhase section */
		2B0B63CD1FAFD1AF002C0322 /* Frameworks */ = {
			isa = PBXFrameworksBuildPhase;
			buildActionMask = 2147483647;
			files = (
			);
			runOnlyForDeploymentPostprocessing = 0;
		};
/* End PBXFrameworksBuildPhase section */

/* Begin PBXGroup section */
		2B0B63C71FAFD1AE002C0322 = {
			isa = PBXGroup;
			children = (
				2B0B63D21FAFD1AF002C0322 /* Thrup */,
				2B0B63D11FAFD1AF002C0322 /* Products */,
			);
			sourceTree = "<group>";
		};
		2B0B63D11FAFD1AF002C0322 /* Products */ = {
			isa = PBXGroup;
			children = (
				2B0B63D01FAFD1AF002C0322 /* Thrup.app */,
			);
			name = Products;
			sourceTree = "<group>";
		};
		2B0B63D21FAFD1AF002C0322 /* Thrup */ = {
			isa = PBXGroup;
			children = (
				2BCD9DC31FF65A9F0097C4F2 /* Sprites */,
				2B8407F81FE6A46A004B44CE /* PlayerWalks.atlas */,
				2B1178DD1FB84B7C006326E4 /* HelpClasses */,
				2B1178DB1FB84B44006326E4 /* GameScene */,
				2B1178DC1FB84B55006326E4 /* ViewControllers */,
				2B7DFDF7202D3CFF00999922 /* Sounds */,
				2B9330701FD634BC002E5933 /* Levels */,
				2BCD9DC41FF65ADD0097C4F2 /* Others */,
				2B0B63E01FAFD1AF002C0322 /* Assets.xcassets */,
				2B0B63DD1FAFD1AF002C0322 /* Main.storyboard */,
				2B0B63E21FAFD1AF002C0322 /* LaunchScreen.storyboard */,
				2B0B63E51FAFD1AF002C0322 /* Info.plist */,
			);
			path = Thrup;
			sourceTree = "<group>";
		};
		2B1178DB1FB84B44006326E4 /* GameScene */ = {
			isa = PBXGroup;
			children = (
				2B0B63D91FAFD1AF002C0322 /* GameScene.swift */,
				2B1178D91FB84928006326E4 /* GameScene_Levels.swift */,
				2B0CF13820283BBD0060BEF7 /* GameScene_ModalWindow.swift */,
				2BCD9DC11FF640910097C4F2 /* GameScene_Move.swift */,
				2BCD9DBF1FF634BC0097C4F2 /* GameScene_Touches.swift */,
				2BB481D52021DD0E009560B2 /* GameScene_Tutorial.swift */,
			);
			path = GameScene;
			sourceTree = "<group>";
		};
		2B1178DC1FB84B55006326E4 /* ViewControllers */ = {
			isa = PBXGroup;
			children = (
				2B2CA4451FB93F4600AA35F1 /* ChooseLevelViewController.swift */,
				2B0B63DB1FAFD1AF002C0322 /* GameViewController.swift */,
				2BBE779F1FB71F3F0042F79F /* MenuViewController.swift */,
			);
			path = ViewControllers;
			sourceTree = "<group>";
		};
		2B1178DD1FB84B7C006326E4 /* HelpClasses */ = {
			isa = PBXGroup;
			children = (
				2B9330771FD81F93002E5933 /* Character.swift */,
				2B22D12F1FC78BFA00464F20 /* Object.swift */,
				2BD002A51FDAAD2000A95001 /* StaticObject.swift */,
				2BC4F2F21FB5913D002B28BB /* Model.swift */,
				2B9330731FD63866002E5933 /* Extensions.swift */,
				2B7DFDFC202D506300999922 /* SKTAudio.swift */,
			);
			path = HelpClasses;
			sourceTree = "<group>";
		};
		2B5DCAB720274166007E9A54 /* MenuIcons */ = {
			isa = PBXGroup;
			children = (
				2B5DCAA920269B13007E9A54 /* Menu_levels.png */,
				2B5DCAAB20269B14007E9A54 /* Menu_start.png */,
				2B5DCAAF20269D22007E9A54 /* Menu_circle.png */,
				2B5DCAB82027E22F007E9A54 /* Menu_circle-red.png */,
				2B5DCAB32026B7D3007E9A54 /* Menu_questionMark.png */,
				2B0CF142202890C00060BEF7 /* Levels_settings.png */,
				2B0CF14020288F0B0060BEF7 /* Settings_back.png */,
			);
			path = MenuIcons;
			sourceTree = "<group>";
		};
		2B7DFDF7202D3CFF00999922 /* Sounds */ = {
			isa = PBXGroup;
			children = (
				2B7DFE04202D739A00999922 /* BgMusic.mp3 */,
				2B7DFE36202DC03B00999922 /* GrassStep.mp3 */,
				2B7DFE34202DBE1E00999922 /* NoStart.mp3 */,
				2B7DFE12202D881100999922 /* Disable.wav */,
				2B7DFE14202D8D1100999922 /* Lose.mp3 */,
				2B7DFE18202D904100999922 /* Win.wav */,
				2B7DFE1C202D91F600999922 /* Explosion.wav */,
				2B7DFE1E202D937E00999922 /* PickUpStar.mp3 */,
				2B7DFE20202D9AB300999922 /* PickUpCoin.mp3 */,
				2B7DFE24202D9C3F00999922 /* Click.wav */,
				2BD1399720313A6F005C3C76 /* Click_ModalWindow.wav */,
				2BD139952031374A005C3C76 /* Switch.wav */,
			);
			path = Sounds;
			sourceTree = "<group>";
		};
		2B9330701FD634BC002E5933 /* Levels */ = {
			isa = PBXGroup;
			children = (
				2B9330711FD6352E002E5933 /* Level_1.json */,
				2BB481DB202327CA009560B2 /* Level_2.json */,
				2B54018B1FDA41B400E03C63 /* Level_3.json */,
				2B54018D1FDA81E800E03C63 /* Level_4.json */,
				2B309A8B1FDCA2D70095D11E /* Level_5.json */,
				2BD002AB1FDBAB2900A95001 /* Level_6.json */,
				2BB481DD20232E49009560B2 /* Level_7.json */,
				2BB481DF2023331C009560B2 /* Level_8.json */,
				2B309554200B1C5E00F571DA /* Level_9.json */,
				2BDCDFDC2011B04D00DCFA6D /* Level_10.json */,
				2B70BAA72012FFC8001866D5 /* Level_11.json */,
				2B70BAC32014C9AF001866D5 /* Level_12.json */,
				2BC7B77C20173D1800B99AB8 /* Level_13.json */,
			);
			path = Levels;
			sourceTree = "<group>";
		};
		2BCD9DC31FF65A9F0097C4F2 /* Sprites */ = {
			isa = PBXGroup;
			children = (
				2BFD73A220084CD000968FB5 /* Gems */,
				2BFD73A120084C8E00968FB5 /* Enemies */,
				2B99C12D1FFE2844008485BF /* Checked.png */,
				2B99C1331FFE42DE008485BF /* Locked.png */,
				2B5DCAB520272DAC007E9A54 /* Heart_empty.png */,
				2BA41FEA1FFFAB850023E8FD /* Heart_empty-unfilled.png */,
				2BA41FEB1FFFAB860023E8FD /* Heart.png */,
				2BF041821FF7196D00624C4C /* Star.png */,
				2BDCE0002012B9B200DCFA6D /* AlarmClock.png */,
				2B5DCA9D2025F069007E9A54 /* StopSign.png */,
				2BA7D9F82016C09C0053BAA3 /* Bridge.png */,
				2B70BAC5201574AC001866D5 /* Spikes.png */,
				2B70BACF201589B7001866D5 /* SpikesBox.png */,
				2BFEF9AC200A3DC200A7AB79 /* PlayerStaysFront.png */,
				2BF041841FF71A5A00624C4C /* PlayerPinkClimbs_1.png */,
				2BF041851FF71A5A00624C4C /* PlayerPinkClimbs_2.png */,
				2BB481D72023220D009560B2 /* Tap.png */,
				2BEF9FD4202A841200EFFB0F /* Fireworks_particle.png */,
				2B98BA2D202F219E0023E539 /* ErasePath.png */,
				2B80697C202FF4DE00BCB334 /* LaunchScreenPicture.png */,
				2B5DCAB720274166007E9A54 /* MenuIcons */,
				2BDCC6FA1FEF2E18009F2A0E /* BackgroundImages */,
			);
			path = Sprites;
			sourceTree = "<group>";
		};
		2BCD9DC41FF65ADD0097C4F2 /* Others */ = {
			isa = PBXGroup;
			children = (
				2B0B63D31FAFD1AF002C0322 /* AppDelegate.swift */,
				2B0B63D71FAFD1AF002C0322 /* Actions.sks */,
				2B9D14921FAFD57F00D3D52C /* GameScene.sks */,
			);
			path = Others;
			sourceTree = "<group>";
		};
		2BDCC6FA1FEF2E18009F2A0E /* BackgroundImages */ = {
			isa = PBXGroup;
			children = (
				2BCD9DC71FF665510097C4F2 /* Tile_top_left.png */,
				2BCD9DCD1FF672B60097C4F2 /* Tile_top.png */,
				2BCD9DCB1FF672210097C4F2 /* Tile_center.png */,
				2B0CF13A20287D390060BEF7 /* TopMenuViewBorderDown.png */,
				2B0CF13C20287F600060BEF7 /* TopMenuViewBorderUp.png */,
			);
			path = BackgroundImages;
			sourceTree = "<group>";
		};
		2BFD73A120084C8E00968FB5 /* Enemies */ = {
			isa = PBXGroup;
			children = (
				2B309A931FE39BD50095D11E /* Bee.png */,
				2B5DCA992025EEAB007E9A54 /* Bomb.png */,
				2B5DCA9B2025EEE4007E9A54 /* Bomb_explosion.png */,
				2B309A951FE39BF20095D11E /* Fish.png */,
				2BF041941FF7295800624C4C /* Spinner.png */,
			);
			path = Enemies;
			sourceTree = "<group>";
		};
		2BFD73A220084CD000968FB5 /* Gems */ = {
			isa = PBXGroup;
			children = (
				2BFD739920084C8700968FB5 /* Gem_blue.png */,
				2BFD739A20084C8800968FB5 /* Gem_green.png */,
				2BFD739C20084C8900968FB5 /* Gem_red.png */,
				2BFD739B20084C8900968FB5 /* Gem_yellow.png */,
			);
			path = Gems;
			sourceTree = "<group>";
		};
/* End PBXGroup section */

/* Begin PBXNativeTarget section */
		2B0B63CF1FAFD1AF002C0322 /* Thrup */ = {
			isa = PBXNativeTarget;
			buildConfigurationList = 2B0B63E81FAFD1AF002C0322 /* Build configuration list for PBXNativeTarget "Thrup" */;
			buildPhases = (
				2B0B63CC1FAFD1AF002C0322 /* Sources */,
				2B0B63CD1FAFD1AF002C0322 /* Frameworks */,
				2B0B63CE1FAFD1AF002C0322 /* Resources */,
			);
			buildRules = (
			);
			dependencies = (
			);
			name = Thrup;
			productName = Thrup;
			productReference = 2B0B63D01FAFD1AF002C0322 /* Thrup.app */;
			productType = "com.apple.product-type.application";
		};
/* End PBXNativeTarget section */

/* Begin PBXProject section */
		2B0B63C81FAFD1AF002C0322 /* Project object */ = {
			isa = PBXProject;
			attributes = {
				LastSwiftUpdateCheck = 0910;
				LastUpgradeCheck = 0910;
				TargetAttributes = {
					2B0B63CF1FAFD1AF002C0322 = {
						CreatedOnToolsVersion = 9.1;
						ProvisioningStyle = Automatic;
					};
				};
			};
			buildConfigurationList = 2B0B63CB1FAFD1AF002C0322 /* Build configuration list for PBXProject "Thrup" */;
			compatibilityVersion = "Xcode 8.0";
			developmentRegion = en;
			hasScannedForEncodings = 0;
			knownRegions = (
				en,
				Base,
			);
			mainGroup = 2B0B63C71FAFD1AE002C0322;
			productRefGroup = 2B0B63D11FAFD1AF002C0322 /* Products */;
			projectDirPath = "";
			projectRoot = "";
			targets = (
				2B0B63CF1FAFD1AF002C0322 /* Thrup */,
			);
		};
/* End PBXProject section */

/* Begin PBXResourcesBuildPhase section */
		2B0B63CE1FAFD1AF002C0322 /* Resources */ = {
			isa = PBXResourcesBuildPhase;
			buildActionMask = 2147483647;
			files = (
				2BB481DC202327CA009560B2 /* Level_2.json in Resources */,
				2BF041831FF7196D00624C4C /* Star.png in Resources */,
				2B0CF13D20287F610060BEF7 /* TopMenuViewBorderUp.png in Resources */,
				2B7DFE15202D8D1100999922 /* Lose.mp3 in Resources */,
				2BFD739F20084C8A00968FB5 /* Gem_yellow.png in Resources */,
				2B5DCA9A2025EEAB007E9A54 /* Bomb.png in Resources */,
				2B5DCA9E2025F06A007E9A54 /* StopSign.png in Resources */,
				2BB481D92023220E009560B2 /* Tap.png in Resources */,
				2B309A8C1FDCA2D70095D11E /* Level_5.json in Resources */,
				2B98BA2E202F219E0023E539 /* ErasePath.png in Resources */,
				2B70BAC7201574AD001866D5 /* Spikes.png in Resources */,
				2B5DCAB620272DAD007E9A54 /* Heart_empty.png in Resources */,
				2BF041871FF71A5A00624C4C /* PlayerPinkClimbs_2.png in Resources */,
				2B5DCAB42026B7D3007E9A54 /* Menu_questionMark.png in Resources */,
				2B9330721FD6352E002E5933 /* Level_1.json in Resources */,
				2BB481DE20232E49009560B2 /* Level_7.json in Resources */,
				2B7DFE05202D739B00999922 /* BgMusic.mp3 in Resources */,
				2B0B63DF1FAFD1AF002C0322 /* Main.storyboard in Resources */,
				2B5DCA9C2025EEE4007E9A54 /* Bomb_explosion.png in Resources */,
				2B7DFE37202DC03B00999922 /* GrassStep.mp3 in Resources */,
				2B309555200B1C5E00F571DA /* Level_9.json in Resources */,
				2B9D14931FAFD57F00D3D52C /* GameScene.sks in Resources */,
				2BC7B77D20173D1800B99AB8 /* Level_13.json in Resources */,
				2B309A941FE39BD50095D11E /* Bee.png in Resources */,
				2BEF9FD5202A841200EFFB0F /* Fireworks_particle.png in Resources */,
				2BD139962031374A005C3C76 /* Switch.wav in Resources */,
				2B7DFE35202DBE1F00999922 /* NoStart.mp3 in Resources */,
				2BA41FEC1FFFAB860023E8FD /* Heart_empty-unfilled.png in Resources */,
				2BFEF9AD200A3DC300A7AB79 /* PlayerStaysFront.png in Resources */,
				2BA41FED1FFFAB860023E8FD /* Heart.png in Resources */,
				2BFD739E20084C8A00968FB5 /* Gem_green.png in Resources */,
				2B0B63E11FAFD1AF002C0322 /* Assets.xcassets in Resources */,
				2B5DCAB020269D22007E9A54 /* Menu_circle.png in Resources */,
				2B0CF13B20287D3A0060BEF7 /* TopMenuViewBorderDown.png in Resources */,
				2B309A961FE39BF20095D11E /* Fish.png in Resources */,
				2B5DCAAE20269B15007E9A54 /* Menu_start.png in Resources */,
				2BD1399820313A70005C3C76 /* Click_ModalWindow.wav in Resources */,
				2B7DFE19202D904100999922 /* Win.wav in Resources */,
				2BFD739D20084C8A00968FB5 /* Gem_blue.png in Resources */,
				2BF041861FF71A5A00624C4C /* PlayerPinkClimbs_1.png in Resources */,
				2B99C1341FFE42DE008485BF /* Locked.png in Resources */,
				2BF041951FF7295800624C4C /* Spinner.png in Resources */,
				2B7DFE13202D881200999922 /* Disable.wav in Resources */,
				2BCD9DCC1FF672210097C4F2 /* Tile_center.png in Resources */,
				2BCD9DC81FF665510097C4F2 /* Tile_top_left.png in Resources */,
				2BFD73A020084C8A00968FB5 /* Gem_red.png in Resources */,
				2B7DFE25202D9C4000999922 /* Click.wav in Resources */,
				2B8407F91FE6A46F004B44CE /* PlayerWalks.atlas in Resources */,
				2BB481E02023331C009560B2 /* Level_8.json in Resources */,
				2B5DCAB92027E22F007E9A54 /* Menu_circle-red.png in Resources */,
				2B0B63E41FAFD1AF002C0322 /* LaunchScreen.storyboard in Resources */,
				2B0B63D81FAFD1AF002C0322 /* Actions.sks in Resources */,
				2B54018E1FDA81E800E03C63 /* Level_4.json in Resources */,
				2B7DFE21202D9AB300999922 /* PickUpCoin.mp3 in Resources */,
				2B54018C1FDA41B400E03C63 /* Level_3.json in Resources */,
				2B70BAC42014C9AF001866D5 /* Level_12.json in Resources */,
				2B0CF14120288F0C0060BEF7 /* Settings_back.png in Resources */,
				2BA7D9F92016C09C0053BAA3 /* Bridge.png in Resources */,
				2B0CF144202890C20060BEF7 /* Levels_settings.png in Resources */,
				2BDCE0012012B9B200DCFA6D /* AlarmClock.png in Resources */,
				2BD002AC1FDBAB2900A95001 /* Level_6.json in Resources */,
				2B70BAD0201589B7001866D5 /* SpikesBox.png in Resources */,
				2BDCDFDD2011B04D00DCFA6D /* Level_10.json in Resources */,
				2B99C12E1FFE2844008485BF /* Checked.png in Resources */,
				2B7DFE1D202D91F600999922 /* Explosion.wav in Resources */,
				2B5DCAAC20269B15007E9A54 /* Menu_levels.png in Resources */,
				2B70BAA82012FFC8001866D5 /* Level_11.json in Resources */,
				2B80697D202FF4DE00BCB334 /* LaunchScreenPicture.png in Resources */,
				2B7DFE1F202D937F00999922 /* PickUpStar.mp3 in Resources */,
				2BCD9DCE1FF672B60097C4F2 /* Tile_top.png in Resources */,
			);
			runOnlyForDeploymentPostprocessing = 0;
		};
/* End PBXResourcesBuildPhase section */

/* Begin PBXSourcesBuildPhase section */
		2B0B63CC1FAFD1AF002C0322 /* Sources */ = {
			isa = PBXSourcesBuildPhase;
			buildActionMask = 2147483647;
			files = (
				2BB481D62021DD0E009560B2 /* GameScene_Tutorial.swift in Sources */,
				2BC4F2F31FB5913D002B28BB /* Model.swift in Sources */,
				2BD002A61FDAAD2000A95001 /* StaticObject.swift in Sources */,
				2BCD9DC21FF640910097C4F2 /* GameScene_Move.swift in Sources */,
				2B2CA4461FB93F4600AA35F1 /* ChooseLevelViewController.swift in Sources */,
				2BBE77A01FB71F3F0042F79F /* MenuViewController.swift in Sources */,
				2BCD9DC01FF634BC0097C4F2 /* GameScene_Touches.swift in Sources */,
				2B9330781FD81F93002E5933 /* Character.swift in Sources */,
				2B0CF13920283BBE0060BEF7 /* GameScene_ModalWindow.swift in Sources */,
				2B1178DA1FB84928006326E4 /* GameScene_Levels.swift in Sources */,
				2B0B63DA1FAFD1AF002C0322 /* GameScene.swift in Sources */,
				2B0B63DC1FAFD1AF002C0322 /* GameViewController.swift in Sources */,
				2B22D1301FC78BFA00464F20 /* Object.swift in Sources */,
				2B7DFDFD202D506300999922 /* SKTAudio.swift in Sources */,
				2B0B63D41FAFD1AF002C0322 /* AppDelegate.swift in Sources */,
				2B9330741FD63866002E5933 /* Extensions.swift in Sources */,
			);
			runOnlyForDeploymentPostprocessing = 0;
		};
/* End PBXSourcesBuildPhase section */

/* Begin PBXVariantGroup section */
		2B0B63DD1FAFD1AF002C0322 /* Main.storyboard */ = {
			isa = PBXVariantGroup;
			children = (
				2B0B63DE1FAFD1AF002C0322 /* Base */,
			);
			name = Main.storyboard;
			sourceTree = "<group>";
		};
		2B0B63E21FAFD1AF002C0322 /* LaunchScreen.storyboard */ = {
			isa = PBXVariantGroup;
			children = (
				2B0B63E31FAFD1AF002C0322 /* Base */,
			);
			name = LaunchScreen.storyboard;
			sourceTree = "<group>";
		};
/* End PBXVariantGroup section */

/* Begin XCBuildConfiguration section */
		2B0B63E61FAFD1AF002C0322 /* Debug */ = {
			isa = XCBuildConfiguration;
			buildSettings = {
				ALWAYS_SEARCH_USER_PATHS = NO;
				CLANG_ANALYZER_NONNULL = YES;
				CLANG_ANALYZER_NUMBER_OBJECT_CONVERSION = YES_AGGRESSIVE;
				CLANG_CXX_LANGUAGE_STANDARD = "gnu++14";
				CLANG_CXX_LIBRARY = "libc++";
				CLANG_ENABLE_MODULES = YES;
				CLANG_ENABLE_OBJC_ARC = YES;
				CLANG_WARN_BLOCK_CAPTURE_AUTORELEASING = YES;
				CLANG_WARN_BOOL_CONVERSION = YES;
				CLANG_WARN_COMMA = YES;
				CLANG_WARN_CONSTANT_CONVERSION = YES;
				CLANG_WARN_DIRECT_OBJC_ISA_USAGE = YES_ERROR;
				CLANG_WARN_DOCUMENTATION_COMMENTS = YES;
				CLANG_WARN_EMPTY_BODY = YES;
				CLANG_WARN_ENUM_CONVERSION = YES;
				CLANG_WARN_INFINITE_RECURSION = YES;
				CLANG_WARN_INT_CONVERSION = YES;
				CLANG_WARN_NON_LITERAL_NULL_CONVERSION = YES;
				CLANG_WARN_OBJC_LITERAL_CONVERSION = YES;
				CLANG_WARN_OBJC_ROOT_CLASS = YES_ERROR;
				CLANG_WARN_RANGE_LOOP_ANALYSIS = YES;
				CLANG_WARN_STRICT_PROTOTYPES = YES;
				CLANG_WARN_SUSPICIOUS_MOVE = YES;
				CLANG_WARN_UNGUARDED_AVAILABILITY = YES_AGGRESSIVE;
				CLANG_WARN_UNREACHABLE_CODE = YES;
				CLANG_WARN__DUPLICATE_METHOD_MATCH = YES;
				CODE_SIGN_IDENTITY = "iPhone Developer";
				COPY_PHASE_STRIP = NO;
				DEBUG_INFORMATION_FORMAT = dwarf;
				ENABLE_STRICT_OBJC_MSGSEND = YES;
				ENABLE_TESTABILITY = YES;
				GCC_C_LANGUAGE_STANDARD = gnu11;
				GCC_DYNAMIC_NO_PIC = NO;
				GCC_NO_COMMON_BLOCKS = YES;
				GCC_OPTIMIZATION_LEVEL = 0;
				GCC_PREPROCESSOR_DEFINITIONS = (
					"DEBUG=1",
					"$(inherited)",
				);
				GCC_WARN_64_TO_32_BIT_CONVERSION = YES;
				GCC_WARN_ABOUT_RETURN_TYPE = YES_ERROR;
				GCC_WARN_UNDECLARED_SELECTOR = YES;
				GCC_WARN_UNINITIALIZED_AUTOS = YES_AGGRESSIVE;
				GCC_WARN_UNUSED_FUNCTION = YES;
				GCC_WARN_UNUSED_VARIABLE = YES;
				IPHONEOS_DEPLOYMENT_TARGET = 11.1;
				MTL_ENABLE_DEBUG_INFO = YES;
				ONLY_ACTIVE_ARCH = YES;
				SDKROOT = iphoneos;
				SWIFT_ACTIVE_COMPILATION_CONDITIONS = DEBUG;
				SWIFT_OPTIMIZATION_LEVEL = "-Onone";
			};
			name = Debug;
		};
		2B0B63E71FAFD1AF002C0322 /* Release */ = {
			isa = XCBuildConfiguration;
			buildSettings = {
				ALWAYS_SEARCH_USER_PATHS = NO;
				CLANG_ANALYZER_NONNULL = YES;
				CLANG_ANALYZER_NUMBER_OBJECT_CONVERSION = YES_AGGRESSIVE;
				CLANG_CXX_LANGUAGE_STANDARD = "gnu++14";
				CLANG_CXX_LIBRARY = "libc++";
				CLANG_ENABLE_MODULES = YES;
				CLANG_ENABLE_OBJC_ARC = YES;
				CLANG_WARN_BLOCK_CAPTURE_AUTORELEASING = YES;
				CLANG_WARN_BOOL_CONVERSION = YES;
				CLANG_WARN_COMMA = YES;
				CLANG_WARN_CONSTANT_CONVERSION = YES;
				CLANG_WARN_DIRECT_OBJC_ISA_USAGE = YES_ERROR;
				CLANG_WARN_DOCUMENTATION_COMMENTS = YES;
				CLANG_WARN_EMPTY_BODY = YES;
				CLANG_WARN_ENUM_CONVERSION = YES;
				CLANG_WARN_INFINITE_RECURSION = YES;
				CLANG_WARN_INT_CONVERSION = YES;
				CLANG_WARN_NON_LITERAL_NULL_CONVERSION = YES;
				CLANG_WARN_OBJC_LITERAL_CONVERSION = YES;
				CLANG_WARN_OBJC_ROOT_CLASS = YES_ERROR;
				CLANG_WARN_RANGE_LOOP_ANALYSIS = YES;
				CLANG_WARN_STRICT_PROTOTYPES = YES;
				CLANG_WARN_SUSPICIOUS_MOVE = YES;
				CLANG_WARN_UNGUARDED_AVAILABILITY = YES_AGGRESSIVE;
				CLANG_WARN_UNREACHABLE_CODE = YES;
				CLANG_WARN__DUPLICATE_METHOD_MATCH = YES;
				CODE_SIGN_IDENTITY = "iPhone Developer";
				COPY_PHASE_STRIP = NO;
				DEBUG_INFORMATION_FORMAT = "dwarf-with-dsym";
				ENABLE_NS_ASSERTIONS = NO;
				ENABLE_STRICT_OBJC_MSGSEND = YES;
				GCC_C_LANGUAGE_STANDARD = gnu11;
				GCC_NO_COMMON_BLOCKS = YES;
				GCC_WARN_64_TO_32_BIT_CONVERSION = YES;
				GCC_WARN_ABOUT_RETURN_TYPE = YES_ERROR;
				GCC_WARN_UNDECLARED_SELECTOR = YES;
				GCC_WARN_UNINITIALIZED_AUTOS = YES_AGGRESSIVE;
				GCC_WARN_UNUSED_FUNCTION = YES;
				GCC_WARN_UNUSED_VARIABLE = YES;
				IPHONEOS_DEPLOYMENT_TARGET = 11.1;
				MTL_ENABLE_DEBUG_INFO = NO;
				SDKROOT = iphoneos;
				SWIFT_OPTIMIZATION_LEVEL = "-Owholemodule";
				VALIDATE_PRODUCT = YES;
			};
			name = Release;
		};
		2B0B63E91FAFD1AF002C0322 /* Debug */ = {
			isa = XCBuildConfiguration;
			buildSettings = {
				ASSETCATALOG_COMPILER_APPICON_NAME = AppIcon;
				CODE_SIGN_STYLE = Automatic;
				DEVELOPMENT_TEAM = G3EGPMFS52;
				INFOPLIST_FILE = Thrup/Info.plist;
				IPHONEOS_DEPLOYMENT_TARGET = 11.0;
				LD_RUNPATH_SEARCH_PATHS = "$(inherited) @executable_path/Frameworks";
				PRODUCT_BUNDLE_IDENTIFIER = Bezgodov.Thrup;
				PRODUCT_NAME = "$(TARGET_NAME)";
				SWIFT_VERSION = 4.0;
				TARGETED_DEVICE_FAMILY = "1,2";
			};
			name = Debug;
		};
		2B0B63EA1FAFD1AF002C0322 /* Release */ = {
			isa = XCBuildConfiguration;
			buildSettings = {
				ASSETCATALOG_COMPILER_APPICON_NAME = AppIcon;
				CODE_SIGN_STYLE = Automatic;
				DEVELOPMENT_TEAM = G3EGPMFS52;
				INFOPLIST_FILE = Thrup/Info.plist;
				IPHONEOS_DEPLOYMENT_TARGET = 11.0;
				LD_RUNPATH_SEARCH_PATHS = "$(inherited) @executable_path/Frameworks";
				PRODUCT_BUNDLE_IDENTIFIER = Bezgodov.Thrup;
				PRODUCT_NAME = "$(TARGET_NAME)";
				SWIFT_VERSION = 4.0;
				TARGETED_DEVICE_FAMILY = "1,2";
			};
			name = Release;
		};
/* End XCBuildConfiguration section */

/* Begin XCConfigurationList section */
		2B0B63CB1FAFD1AF002C0322 /* Build configuration list for PBXProject "Thrup" */ = {
			isa = XCConfigurationList;
			buildConfigurations = (
				2B0B63E61FAFD1AF002C0322 /* Debug */,
				2B0B63E71FAFD1AF002C0322 /* Release */,
			);
			defaultConfigurationIsVisible = 0;
			defaultConfigurationName = Release;
		};
		2B0B63E81FAFD1AF002C0322 /* Build configuration list for PBXNativeTarget "Thrup" */ = {
			isa = XCConfigurationList;
			buildConfigurations = (
				2B0B63E91FAFD1AF002C0322 /* Debug */,
				2B0B63EA1FAFD1AF002C0322 /* Release */,
			);
			defaultConfigurationIsVisible = 0;
			defaultConfigurationName = Release;
		};
/* End XCConfigurationList section */
	};
	rootObject = 2B0B63C81FAFD1AF002C0322 /* Project object */;
}
